Microsoft Visual Studio Solution File, Format Version 10.00
# Visual Studio 2008
Project("{FAE04EC0-301F-11D3-BF4B-00C04F79EFBC}") = "CommonInterfaces", "..\WSTCHQ_BE\CommonInterfaces\CommonInterfaces.csproj", "{B3FC887C-77F3-4347-B5C9-07C0172F5DEB}"
EndProject
Project("{FAE04EC0-301F-11D3-BF4B-00C04F79EFBC}") = "CommonComponents", "..\WSTCHQ_BE\CommonComponents\CommonComponents.csproj", "{7786779D-6B79-4A51-A03E-2497DCFE2025}"
EndProject
Project("{FAE04EC0-301F-11D3-BF4B-00C04F79EFBC}") = "TVQR_Processor", "TVQR_Processor\TVQR_Processor.csproj", "{093AD09D-4E4F-4A62-A323-67A666F9C840}"
EndProject
Project("{FAE04EC0-301F-11D3-BF4B-00C04F79EFBC}") = "CryptoInterfaces", "..\WSTCHQ_BE\CryptoInterfaces\CryptoInterfaces.csproj", "{06D4C54B-A25A-4684-BC6C-192CEB970170}"
EndProject
Project("{FAE04EC0-301F-11D3-BF4B-00C04F79EFBC}") = "RTSStructures", "..\WSTCHQ_BE\RTSStructures\RTSStructures.csproj", "{BBF126D5-CA34-4786-A61D-0B426EC0677B}"
EndProject
Project("{FAE04EC0-301F-11D3-BF4B-00C04F79EFBC}") = "CryptEngine", "..\WSTCHQ_BE\CryptEngine\CryptEngine.csproj", "{DAD79E22-2139-4ECB-827E-8F7FB871F5D1}"
EndProject
Project("{FAE04EC0-301F-11D3-BF4B-00C04F79EFBC}") = "FileListener", "..\WSTCHQ_BE\FileListener\FileListener.csproj", "{5489F565-7459-44B1-926C-B6B69655C8BC}"
EndProject
Project("{FAE04EC0-301F-11D3-BF4B-00C04F79EFBC}") = "KeyManager", "..\WSTCHQ_BE\KeyManager\KeyManager.csproj", "{5E093F16-E114-49BD-B1A8-C24036F3F328}"
EndProject
Project("{FAE04EC0-301F-11D3-BF4B-00C04F79EFBC}") = "TVQRHostService", "TVQRHostService\TVQRHostService.csproj", "{C7B2396E-554B-4308-9F0D-AD9E29111224}"
EndProject
Project("{FAE04EC0-301F-11D3-BF4B-00C04F79EFBC}") = "SubscriberDBHelper", "..\WSTCHQ_BE\SubscriberDBHelper\SubscriberDBHelper.csproj", "{2CFCD16E-4CFB-479B-BD8E-53FA95A3BD59}"
EndProject
Project("{2150E333-8FDC-42A3-9474-1A3956D46DE8}") = "WSTCHQ_BE", "WSTCHQ_BE", "{3D043447-C81A-4B94-ACFA-BD00465FCD56}"
EndProject
Project("{2150E333-8FDC-42A3-9474-1A3956D46DE8}") = "Common", "Common", "{F379510C-3D71-49B9-A177-77FADF83E8E7}"
EndProject
Project("{FAE04EC0-301F-11D3-BF4B-00C04F79EFBC}") = "IRU.RTS.Common", "..\Common\IRU.RTS.Common\IRU.RTS.Common.csproj", "{51C1C416-18C9-4A64-B542-A2E8B3299F61}"
EndProject
Global
	GlobalSection(SolutionConfigurationPlatforms) = preSolution
		Debug|Any CPU = Debug|Any CPU
		Release|Any CPU = Release|Any CPU
	EndGlobalSection
	GlobalSection(ProjectConfigurationPlatforms) = postSolution
		{B3FC887C-77F3-4347-B5C9-07C0172F5DEB}.Debug|Any CPU.ActiveCfg = Debug|Any CPU
		{B3FC887C-77F3-4347-B5C9-07C0172F5DEB}.Debug|Any CPU.Build.0 = Debug|Any CPU
		{B3FC887C-77F3-4347-B5C9-07C0172F5DEB}.Release|Any CPU.ActiveCfg = Release|Any CPU
		{B3FC887C-77F3-4347-B5C9-07C0172F5DEB}.Release|Any CPU.Build.0 = Release|Any CPU
		{7786779D-6B79-4A51-A03E-2497DCFE2025}.Debug|Any CPU.ActiveCfg = Debug|Any CPU
		{7786779D-6B79-4A51-A03E-2497DCFE2025}.Debug|Any CPU.Build.0 = Debug|Any CPU
		{7786779D-6B79-4A51-A03E-2497DCFE2025}.Release|Any CPU.ActiveCfg = Release|Any CPU
		{7786779D-6B79-4A51-A03E-2497DCFE2025}.Release|Any CPU.Build.0 = Release|Any CPU
		{093AD09D-4E4F-4A62-A323-67A666F9C840}.Debug|Any CPU.ActiveCfg = Debug|Any CPU
		{093AD09D-4E4F-4A62-A323-67A666F9C840}.Debug|Any CPU.Build.0 = Debug|Any CPU
		{093AD09D-4E4F-4A62-A323-67A666F9C840}.Release|Any CPU.ActiveCfg = Release|Any CPU
		{093AD09D-4E4F-4A62-A323-67A666F9C840}.Release|Any CPU.Build.0 = Release|Any CPU
		{06D4C54B-A25A-4684-BC6C-192CEB970170}.Debug|Any CPU.ActiveCfg = Debug|Any CPU
		{06D4C54B-A25A-4684-BC6C-192CEB970170}.Debug|Any CPU.Build.0 = Debug|Any CPU
		{06D4C54B-A25A-4684-BC6C-192CEB970170}.Release|Any CPU.ActiveCfg = Release|Any CPU
		{06D4C54B-A25A-4684-BC6C-192CEB970170}.Release|Any CPU.Build.0 = Release|Any CPU
		{BBF126D5-CA34-4786-A61D-0B426EC0677B}.Debug|Any CPU.ActiveCfg = Debug|Any CPU
		{BBF126D5-CA34-4786-A61D-0B426EC0677B}.Debug|Any CPU.Build.0 = Debug|Any CPU
		{BBF126D5-CA34-4786-A61D-0B426EC0677B}.Release|Any CPU.ActiveCfg = Release|Any CPU
		{BBF126D5-CA34-4786-A61D-0B426EC0677B}.Release|Any CPU.Build.0 = Release|Any CPU
		{DAD79E22-2139-4ECB-827E-8F7FB871F5D1}.Debug|Any CPU.ActiveCfg = Debug|Any CPU
		{DAD79E22-2139-4ECB-827E-8F7FB871F5D1}.Debug|Any CPU.Build.0 = Debug|Any CPU
		{DAD79E22-2139-4ECB-827E-8F7FB871F5D1}.Release|Any CPU.ActiveCfg = Release|Any CPU
		{DAD79E22-2139-4ECB-827E-8F7FB871F5D1}.Release|Any CPU.Build.0 = Release|Any CPU
		{5489F565-7459-44B1-926C-B6B69655C8BC}.Debug|Any CPU.ActiveCfg = Debug|Any CPU
		{5489F565-7459-44B1-926C-B6B69655C8BC}.Debug|Any CPU.Build.0 = Debug|Any CPU
		{5489F565-7459-44B1-926C-B6B69655C8BC}.Release|Any CPU.ActiveCfg = Release|Any CPU
		{5489F565-7459-44B1-926C-B6B69655C8BC}.Release|Any CPU.Build.0 = Release|Any CPU
		{5E093F16-E114-49BD-B1A8-C24036F3F328}.Debug|Any CPU.ActiveCfg = Debug|Any CPU
		{5E093F16-E114-49BD-B1A8-C24036F3F328}.Debug|Any CPU.Build.0 = Debug|Any CPU
		{5E093F16-E114-49BD-B1A8-C24036F3F328}.Release|Any CPU.ActiveCfg = Release|Any CPU
		{5E093F16-E114-49BD-B1A8-C24036F3F328}.Release|Any CPU.Build.0 = Release|Any CPU
		{C7B2396E-554B-4308-9F0D-AD9E29111224}.Debug|Any CPU.ActiveCfg = Debug|Any CPU
		{C7B2396E-554B-4308-9F0D-AD9E29111224}.Debug|Any CPU.Build.0 = Debug|Any CPU
		{C7B2396E-554B-4308-9F0D-AD9E29111224}.Release|Any CPU.ActiveCfg = Release|Any CPU
		{C7B2396E-554B-4308-9F0D-AD9E29111224}.Release|Any CPU.Build.0 = Release|Any CPU
		{2CFCD16E-4CFB-479B-BD8E-53FA95A3BD59}.Debug|Any CPU.ActiveCfg = Debug|Any CPU
		{2CFCD16E-4CFB-479B-BD8E-53FA95A3BD59}.Debug|Any CPU.Build.0 = Debug|Any CPU
		{2CFCD16E-4CFB-479B-BD8E-53FA95A3BD59}.Release|Any CPU.ActiveCfg = Release|Any CPU
		{2CFCD16E-4CFB-479B-BD8E-53FA95A3BD59}.Release|Any CPU.Build.0 = Release|Any CPU
		{51C1C416-18C9-4A64-B542-A2E8B3299F61}.Debug|Any CPU.ActiveCfg = Debug|Any CPU
		{51C1C416-18C9-4A64-B542-A2E8B3299F61}.Debug|Any CPU.Build.0 = Debug|Any CPU
		{51C1C416-18C9-4A64-B542-A2E8B3299F61}.Release|Any CPU.ActiveCfg = Release|Any CPU
		{51C1C416-18C9-4A64-B542-A2E8B3299F61}.Release|Any CPU.Build.0 = Release|Any CPU
	EndGlobalSection
	GlobalSection(SolutionProperties) = preSolution
		HideSolutionNode = FALSE
	EndGlobalSection
	GlobalSection(NestedProjects) = preSolution
		{7786779D-6B79-4A51-A03E-2497DCFE2025} = {3D043447-C81A-4B94-ACFA-BD00465FCD56}
		{06D4C54B-A25A-4684-BC6C-192CEB970170} = {3D043447-C81A-4B94-ACFA-BD00465FCD56}
		{BBF126D5-CA34-4786-A61D-0B426EC0677B} = {3D043447-C81A-4B94-ACFA-BD00465FCD56}
		{DAD79E22-2139-4ECB-827E-8F7FB871F5D1} = {3D043447-C81A-4B94-ACFA-BD00465FCD56}
		{5489F565-7459-44B1-926C-B6B69655C8BC} = {3D043447-C81A-4B94-ACFA-BD00465FCD56}
		{5E093F16-E114-49BD-B1A8-C24036F3F328} = {3D043447-C81A-4B94-ACFA-BD00465FCD56}
		{2CFCD16E-4CFB-479B-BD8E-53FA95A3BD59} = {3D043447-C81A-4B94-ACFA-BD00465FCD56}
		{B3FC887C-77F3-4347-B5C9-07C0172F5DEB} = {3D043447-C81A-4B94-ACFA-BD00465FCD56}
		{51C1C416-18C9-4A64-B542-A2E8B3299F61} = {F379510C-3D71-49B9-A177-77FADF83E8E7}
	EndGlobalSection
EndGlobal
