Microsoft Visual Studio Solution File, Format Version 10.00
# Visual Studio 2008
Project("{2150E333-8FDC-42A3-9474-1A3956D46DE8}") = "WSTCHQ_BE", "WSTCHQ_BE", "{AECFE51F-5286-4043-95C9-308F332F4E86}"
EndProject
Project("{2150E333-8FDC-42A3-9474-1A3956D46DE8}") = "WSRE_BE", "WSRE_BE", "{6E1017E4-9BFF-4486-8B64-F4D0C796DE99}"
EndProject
Project("{FAE04EC0-301F-11D3-BF4B-00C04F79EFBC}") = "WSCscc_JobListener", "WSCscc_JobListener\WSCscc_JobListener.csproj", "{0F210563-8740-423A-9669-4BC40D068B61}"
EndProject
Project("{FAE04EC0-301F-11D3-BF4B-00C04F79EFBC}") = "WSCscc_Client", "WSCscc_Client\WSCscc_Client.csproj", "{7E0AA4F7-2009-4EE1-9C01-42FD5EFC60B7}"
EndProject
Project("{FAE04EC0-301F-11D3-BF4B-00C04F79EFBC}") = "WSCsccClientHostService", "WSCsccClientHostService\WSCsccClientHostService.csproj", "{01B063B4-8F3A-440F-B143-D38E141296E9}"
EndProject
Project("{FAE04EC0-301F-11D3-BF4B-00C04F79EFBC}") = "WSCsccJobListenerHostService", "WSCsccJobListenerHostService\WSCsccJobListenerHostService.csproj", "{A3BAC88D-1B2B-41CA-9DF9-7BAC223F063A}"
EndProject
Project("{FAE04EC0-301F-11D3-BF4B-00C04F79EFBC}") = "CommonInterfaces", "..\WSTCHQ_BE\CommonInterfaces\CommonInterfaces.csproj", "{B3FC887C-77F3-4347-B5C9-07C0172F5DEB}"
EndProject
Project("{FAE04EC0-301F-11D3-BF4B-00C04F79EFBC}") = "CommonComponents", "..\WSTCHQ_BE\CommonComponents\CommonComponents.csproj", "{7786779D-6B79-4A51-A03E-2497DCFE2025}"
EndProject
Project("{FAE04EC0-301F-11D3-BF4B-00C04F79EFBC}") = "CryptoInterfaces", "..\WSTCHQ_BE\CryptoInterfaces\CryptoInterfaces.csproj", "{06D4C54B-A25A-4684-BC6C-192CEB970170}"
EndProject
Project("{FAE04EC0-301F-11D3-BF4B-00C04F79EFBC}") = "KeyManager", "..\WSTCHQ_BE\KeyManager\KeyManager.csproj", "{5E093F16-E114-49BD-B1A8-C24036F3F328}"
EndProject
Project("{FAE04EC0-301F-11D3-BF4B-00C04F79EFBC}") = "SubscriberDBHelper", "..\WSTCHQ_BE\SubscriberDBHelper\SubscriberDBHelper.csproj", "{2CFCD16E-4CFB-479B-BD8E-53FA95A3BD59}"
EndProject
Project("{FAE04EC0-301F-11D3-BF4B-00C04F79EFBC}") = "StructToTable", "..\WSRE_BE\StructToTable\StructToTable.csproj", "{09DE4F88-70C7-4556-85D3-B5FCC4BCDFF1}"
EndProject
Global
	GlobalSection(SolutionConfigurationPlatforms) = preSolution
		Debug|Any CPU = Debug|Any CPU
		Release|Any CPU = Release|Any CPU
	EndGlobalSection
	GlobalSection(ProjectConfigurationPlatforms) = postSolution
		{0F210563-8740-423A-9669-4BC40D068B61}.Debug|Any CPU.ActiveCfg = Debug|Any CPU
		{0F210563-8740-423A-9669-4BC40D068B61}.Debug|Any CPU.Build.0 = Debug|Any CPU
		{0F210563-8740-423A-9669-4BC40D068B61}.Release|Any CPU.ActiveCfg = Release|Any CPU
		{0F210563-8740-423A-9669-4BC40D068B61}.Release|Any CPU.Build.0 = Release|Any CPU
		{7E0AA4F7-2009-4EE1-9C01-42FD5EFC60B7}.Debug|Any CPU.ActiveCfg = Debug|Any CPU
		{7E0AA4F7-2009-4EE1-9C01-42FD5EFC60B7}.Debug|Any CPU.Build.0 = Debug|Any CPU
		{7E0AA4F7-2009-4EE1-9C01-42FD5EFC60B7}.Release|Any CPU.ActiveCfg = Release|Any CPU
		{7E0AA4F7-2009-4EE1-9C01-42FD5EFC60B7}.Release|Any CPU.Build.0 = Release|Any CPU
		{01B063B4-8F3A-440F-B143-D38E141296E9}.Debug|Any CPU.ActiveCfg = Debug|Any CPU
		{01B063B4-8F3A-440F-B143-D38E141296E9}.Debug|Any CPU.Build.0 = Debug|Any CPU
		{01B063B4-8F3A-440F-B143-D38E141296E9}.Release|Any CPU.ActiveCfg = Release|Any CPU
		{01B063B4-8F3A-440F-B143-D38E141296E9}.Release|Any CPU.Build.0 = Release|Any CPU
		{A3BAC88D-1B2B-41CA-9DF9-7BAC223F063A}.Debug|Any CPU.ActiveCfg = Debug|Any CPU
		{A3BAC88D-1B2B-41CA-9DF9-7BAC223F063A}.Debug|Any CPU.Build.0 = Debug|Any CPU
		{A3BAC88D-1B2B-41CA-9DF9-7BAC223F063A}.Release|Any CPU.ActiveCfg = Release|Any CPU
		{A3BAC88D-1B2B-41CA-9DF9-7BAC223F063A}.Release|Any CPU.Build.0 = Release|Any CPU
		{B3FC887C-77F3-4347-B5C9-07C0172F5DEB}.Debug|Any CPU.ActiveCfg = Debug|Any CPU
		{B3FC887C-77F3-4347-B5C9-07C0172F5DEB}.Debug|Any CPU.Build.0 = Debug|Any CPU
		{B3FC887C-77F3-4347-B5C9-07C0172F5DEB}.Release|Any CPU.ActiveCfg = Release|Any CPU
		{B3FC887C-77F3-4347-B5C9-07C0172F5DEB}.Release|Any CPU.Build.0 = Release|Any CPU
		{7786779D-6B79-4A51-A03E-2497DCFE2025}.Debug|Any CPU.ActiveCfg = Debug|Any CPU
		{7786779D-6B79-4A51-A03E-2497DCFE2025}.Debug|Any CPU.Build.0 = Debug|Any CPU
		{7786779D-6B79-4A51-A03E-2497DCFE2025}.Release|Any CPU.ActiveCfg = Release|Any CPU
		{7786779D-6B79-4A51-A03E-2497DCFE2025}.Release|Any CPU.Build.0 = Release|Any CPU
		{06D4C54B-A25A-4684-BC6C-192CEB970170}.Debug|Any CPU.ActiveCfg = Debug|Any CPU
		{06D4C54B-A25A-4684-BC6C-192CEB970170}.Debug|Any CPU.Build.0 = Debug|Any CPU
		{06D4C54B-A25A-4684-BC6C-192CEB970170}.Release|Any CPU.ActiveCfg = Release|Any CPU
		{06D4C54B-A25A-4684-BC6C-192CEB970170}.Release|Any CPU.Build.0 = Release|Any CPU
		{5E093F16-E114-49BD-B1A8-C24036F3F328}.Debug|Any CPU.ActiveCfg = Debug|Any CPU
		{5E093F16-E114-49BD-B1A8-C24036F3F328}.Debug|Any CPU.Build.0 = Debug|Any CPU
		{5E093F16-E114-49BD-B1A8-C24036F3F328}.Release|Any CPU.ActiveCfg = Release|Any CPU
		{5E093F16-E114-49BD-B1A8-C24036F3F328}.Release|Any CPU.Build.0 = Release|Any CPU
		{2CFCD16E-4CFB-479B-BD8E-53FA95A3BD59}.Debug|Any CPU.ActiveCfg = Debug|Any CPU
		{2CFCD16E-4CFB-479B-BD8E-53FA95A3BD59}.Debug|Any CPU.Build.0 = Debug|Any CPU
		{2CFCD16E-4CFB-479B-BD8E-53FA95A3BD59}.Release|Any CPU.ActiveCfg = Release|Any CPU
		{2CFCD16E-4CFB-479B-BD8E-53FA95A3BD59}.Release|Any CPU.Build.0 = Release|Any CPU
		{09DE4F88-70C7-4556-85D3-B5FCC4BCDFF1}.Debug|Any CPU.ActiveCfg = Debug|Any CPU
		{09DE4F88-70C7-4556-85D3-B5FCC4BCDFF1}.Debug|Any CPU.Build.0 = Debug|Any CPU
		{09DE4F88-70C7-4556-85D3-B5FCC4BCDFF1}.Release|Any CPU.ActiveCfg = Release|Any CPU
		{09DE4F88-70C7-4556-85D3-B5FCC4BCDFF1}.Release|Any CPU.Build.0 = Release|Any CPU
	EndGlobalSection
	GlobalSection(SolutionProperties) = preSolution
		HideSolutionNode = FALSE
	EndGlobalSection
	GlobalSection(NestedProjects) = preSolution
		{B3FC887C-77F3-4347-B5C9-07C0172F5DEB} = {AECFE51F-5286-4043-95C9-308F332F4E86}
		{7786779D-6B79-4A51-A03E-2497DCFE2025} = {AECFE51F-5286-4043-95C9-308F332F4E86}
		{06D4C54B-A25A-4684-BC6C-192CEB970170} = {AECFE51F-5286-4043-95C9-308F332F4E86}
		{5E093F16-E114-49BD-B1A8-C24036F3F328} = {AECFE51F-5286-4043-95C9-308F332F4E86}
		{2CFCD16E-4CFB-479B-BD8E-53FA95A3BD59} = {AECFE51F-5286-4043-95C9-308F332F4E86}
		{09DE4F88-70C7-4556-85D3-B5FCC4BCDFF1} = {6E1017E4-9BFF-4486-8B64-F4D0C796DE99}
	EndGlobalSection
EndGlobal
