Microsoft Visual Studio Solution File, Format Version 9.00
# Visual Studio 2005
Project("{FAE04EC0-301F-11D3-BF4B-00C04F79EFBC}") = "WSRE_FileRcvrHostService", "WSRE_FileRcvrHostService\WSRE_FileRcvrHostService.csproj", "{83BD7B2C-9661-439B-AD29-BD3D40307429}"
EndProject
Project("{FAE04EC0-301F-11D3-BF4B-00C04F79EFBC}") = "WSRE_FileReceiver", "WSRE_FileReceiver\WSRE_FileReceiver.csproj", "{C93E3D50-89B8-47C9-9363-0698BE16AD87}"
EndProject
Project("{FAE04EC0-301F-11D3-BF4B-00C04F79EFBC}") = "WSRE_ProcessorHostService", "WSRE_ProcessorHostService\WSRE_ProcessorHostService.csproj", "{785E5239-95E1-40F4-9188-F44F3C09FA92}"
EndProject
Project("{FAE04EC0-301F-11D3-BF4B-00C04F79EFBC}") = "WSRE_Processor", "WSRE_Processor\WSRE_Processor.csproj", "{CBAE1418-58D5-4944-9E43-57D5F75020D2}"
EndProject
Project("{FAE04EC0-301F-11D3-BF4B-00C04F79EFBC}") = "Test_FileMover2", "Test_FileMover2\Test_FileMover2.csproj", "{89E0AEE9-1CF3-4585-96F9-7D56D27A1DAF}"
EndProject
Project("{2150E333-8FDC-42A3-9474-1A3956D46DE8}") = "WSTCHQ_BE", "WSTCHQ_BE", "{EC9221DB-A3AD-4810-85E6-754FD6606618}"
EndProject
Project("{FAE04EC0-301F-11D3-BF4B-00C04F79EFBC}") = "CommonInterfaces", "..\WSTCHQ_BE\CommonInterfaces\CommonInterfaces.csproj", "{B3FC887C-77F3-4347-B5C9-07C0172F5DEB}"
EndProject
Project("{FAE04EC0-301F-11D3-BF4B-00C04F79EFBC}") = "CryptoInterfaces", "..\WSTCHQ_BE\CryptoInterfaces\CryptoInterfaces.csproj", "{06D4C54B-A25A-4684-BC6C-192CEB970170}"
EndProject
Project("{FAE04EC0-301F-11D3-BF4B-00C04F79EFBC}") = "CommonComponents", "..\WSTCHQ_BE\CommonComponents\CommonComponents.csproj", "{7786779D-6B79-4A51-A03E-2497DCFE2025}"
EndProject
Project("{FAE04EC0-301F-11D3-BF4B-00C04F79EFBC}") = "RTSStructures", "..\WSTCHQ_BE\RTSStructures\RTSStructures.csproj", "{BBF126D5-CA34-4786-A61D-0B426EC0677B}"
EndProject
Project("{FAE04EC0-301F-11D3-BF4B-00C04F79EFBC}") = "SubscriberDBHelper", "..\WSTCHQ_BE\SubscriberDBHelper\SubscriberDBHelper.csproj", "{2CFCD16E-4CFB-479B-BD8E-53FA95A3BD59}"
EndProject
Project("{FAE04EC0-301F-11D3-BF4B-00C04F79EFBC}") = "StructToTable", "StructToTable\StructToTable.csproj", "{09DE4F88-70C7-4556-85D3-B5FCC4BCDFF1}"
EndProject
Project("{2150E333-8FDC-42A3-9474-1A3956D46DE8}") = "CIFCreation", "CIFCreation", "{78971383-3C53-404E-BE1B-1AEA722D7C0A}"
EndProject
Project("{FAE04EC0-301F-11D3-BF4B-00C04F79EFBC}") = "CIFCreation", "..\CIFCreation\CIFCreation\CIFCreation.csproj", "{0BE7CE4F-AD72-4FBB-89F2-4349982E62C3}"
EndProject
Project("{FAE04EC0-301F-11D3-BF4B-00C04F79EFBC}") = "KeyManager", "..\WSTCHQ_BE\KeyManager\KeyManager.csproj", "{5E093F16-E114-49BD-B1A8-C24036F3F328}"
EndProject
Global
	GlobalSection(SolutionConfigurationPlatforms) = preSolution
		Debug|Any CPU = Debug|Any CPU
		Release|Any CPU = Release|Any CPU
	EndGlobalSection
	GlobalSection(ProjectConfigurationPlatforms) = postSolution
		{83BD7B2C-9661-439B-AD29-BD3D40307429}.Debug|Any CPU.ActiveCfg = Debug|Any CPU
		{83BD7B2C-9661-439B-AD29-BD3D40307429}.Debug|Any CPU.Build.0 = Debug|Any CPU
		{83BD7B2C-9661-439B-AD29-BD3D40307429}.Release|Any CPU.ActiveCfg = Release|Any CPU
		{83BD7B2C-9661-439B-AD29-BD3D40307429}.Release|Any CPU.Build.0 = Release|Any CPU
		{C93E3D50-89B8-47C9-9363-0698BE16AD87}.Debug|Any CPU.ActiveCfg = Debug|Any CPU
		{C93E3D50-89B8-47C9-9363-0698BE16AD87}.Debug|Any CPU.Build.0 = Debug|Any CPU
		{C93E3D50-89B8-47C9-9363-0698BE16AD87}.Release|Any CPU.ActiveCfg = Release|Any CPU
		{C93E3D50-89B8-47C9-9363-0698BE16AD87}.Release|Any CPU.Build.0 = Release|Any CPU
		{785E5239-95E1-40F4-9188-F44F3C09FA92}.Debug|Any CPU.ActiveCfg = Debug|Any CPU
		{785E5239-95E1-40F4-9188-F44F3C09FA92}.Debug|Any CPU.Build.0 = Debug|Any CPU
		{785E5239-95E1-40F4-9188-F44F3C09FA92}.Release|Any CPU.ActiveCfg = Release|Any CPU
		{785E5239-95E1-40F4-9188-F44F3C09FA92}.Release|Any CPU.Build.0 = Release|Any CPU
		{CBAE1418-58D5-4944-9E43-57D5F75020D2}.Debug|Any CPU.ActiveCfg = Debug|Any CPU
		{CBAE1418-58D5-4944-9E43-57D5F75020D2}.Debug|Any CPU.Build.0 = Debug|Any CPU
		{CBAE1418-58D5-4944-9E43-57D5F75020D2}.Release|Any CPU.ActiveCfg = Release|Any CPU
		{CBAE1418-58D5-4944-9E43-57D5F75020D2}.Release|Any CPU.Build.0 = Release|Any CPU
		{89E0AEE9-1CF3-4585-96F9-7D56D27A1DAF}.Debug|Any CPU.ActiveCfg = Debug|Any CPU
		{89E0AEE9-1CF3-4585-96F9-7D56D27A1DAF}.Debug|Any CPU.Build.0 = Debug|Any CPU
		{89E0AEE9-1CF3-4585-96F9-7D56D27A1DAF}.Release|Any CPU.ActiveCfg = Release|Any CPU
		{89E0AEE9-1CF3-4585-96F9-7D56D27A1DAF}.Release|Any CPU.Build.0 = Release|Any CPU
		{B3FC887C-77F3-4347-B5C9-07C0172F5DEB}.Debug|Any CPU.ActiveCfg = Debug|Any CPU
		{B3FC887C-77F3-4347-B5C9-07C0172F5DEB}.Debug|Any CPU.Build.0 = Debug|Any CPU
		{B3FC887C-77F3-4347-B5C9-07C0172F5DEB}.Release|Any CPU.ActiveCfg = Release|Any CPU
		{B3FC887C-77F3-4347-B5C9-07C0172F5DEB}.Release|Any CPU.Build.0 = Release|Any CPU
		{06D4C54B-A25A-4684-BC6C-192CEB970170}.Debug|Any CPU.ActiveCfg = Debug|Any CPU
		{06D4C54B-A25A-4684-BC6C-192CEB970170}.Debug|Any CPU.Build.0 = Debug|Any CPU
		{06D4C54B-A25A-4684-BC6C-192CEB970170}.Release|Any CPU.ActiveCfg = Release|Any CPU
		{06D4C54B-A25A-4684-BC6C-192CEB970170}.Release|Any CPU.Build.0 = Release|Any CPU
		{7786779D-6B79-4A51-A03E-2497DCFE2025}.Debug|Any CPU.ActiveCfg = Debug|Any CPU
		{7786779D-6B79-4A51-A03E-2497DCFE2025}.Debug|Any CPU.Build.0 = Debug|Any CPU
		{7786779D-6B79-4A51-A03E-2497DCFE2025}.Release|Any CPU.ActiveCfg = Release|Any CPU
		{7786779D-6B79-4A51-A03E-2497DCFE2025}.Release|Any CPU.Build.0 = Release|Any CPU
		{BBF126D5-CA34-4786-A61D-0B426EC0677B}.Debug|Any CPU.ActiveCfg = Debug|Any CPU
		{BBF126D5-CA34-4786-A61D-0B426EC0677B}.Debug|Any CPU.Build.0 = Debug|Any CPU
		{BBF126D5-CA34-4786-A61D-0B426EC0677B}.Release|Any CPU.ActiveCfg = Release|Any CPU
		{BBF126D5-CA34-4786-A61D-0B426EC0677B}.Release|Any CPU.Build.0 = Release|Any CPU
		{2CFCD16E-4CFB-479B-BD8E-53FA95A3BD59}.Debug|Any CPU.ActiveCfg = Debug|Any CPU
		{2CFCD16E-4CFB-479B-BD8E-53FA95A3BD59}.Debug|Any CPU.Build.0 = Debug|Any CPU
		{2CFCD16E-4CFB-479B-BD8E-53FA95A3BD59}.Release|Any CPU.ActiveCfg = Release|Any CPU
		{2CFCD16E-4CFB-479B-BD8E-53FA95A3BD59}.Release|Any CPU.Build.0 = Release|Any CPU
		{09DE4F88-70C7-4556-85D3-B5FCC4BCDFF1}.Debug|Any CPU.ActiveCfg = Debug|Any CPU
		{09DE4F88-70C7-4556-85D3-B5FCC4BCDFF1}.Debug|Any CPU.Build.0 = Debug|Any CPU
		{09DE4F88-70C7-4556-85D3-B5FCC4BCDFF1}.Release|Any CPU.ActiveCfg = Release|Any CPU
		{09DE4F88-70C7-4556-85D3-B5FCC4BCDFF1}.Release|Any CPU.Build.0 = Release|Any CPU
		{0BE7CE4F-AD72-4FBB-89F2-4349982E62C3}.Debug|Any CPU.ActiveCfg = Debug|Any CPU
		{0BE7CE4F-AD72-4FBB-89F2-4349982E62C3}.Debug|Any CPU.Build.0 = Debug|Any CPU
		{0BE7CE4F-AD72-4FBB-89F2-4349982E62C3}.Release|Any CPU.ActiveCfg = Release|Any CPU
		{0BE7CE4F-AD72-4FBB-89F2-4349982E62C3}.Release|Any CPU.Build.0 = Release|Any CPU
		{5E093F16-E114-49BD-B1A8-C24036F3F328}.Debug|Any CPU.ActiveCfg = Debug|Any CPU
		{5E093F16-E114-49BD-B1A8-C24036F3F328}.Debug|Any CPU.Build.0 = Debug|Any CPU
		{5E093F16-E114-49BD-B1A8-C24036F3F328}.Release|Any CPU.ActiveCfg = Release|Any CPU
		{5E093F16-E114-49BD-B1A8-C24036F3F328}.Release|Any CPU.Build.0 = Release|Any CPU
	EndGlobalSection
	GlobalSection(SolutionProperties) = preSolution
		HideSolutionNode = FALSE
	EndGlobalSection
	GlobalSection(NestedProjects) = preSolution
		{B3FC887C-77F3-4347-B5C9-07C0172F5DEB} = {EC9221DB-A3AD-4810-85E6-754FD6606618}
		{06D4C54B-A25A-4684-BC6C-192CEB970170} = {EC9221DB-A3AD-4810-85E6-754FD6606618}
		{7786779D-6B79-4A51-A03E-2497DCFE2025} = {EC9221DB-A3AD-4810-85E6-754FD6606618}
		{BBF126D5-CA34-4786-A61D-0B426EC0677B} = {EC9221DB-A3AD-4810-85E6-754FD6606618}
		{2CFCD16E-4CFB-479B-BD8E-53FA95A3BD59} = {EC9221DB-A3AD-4810-85E6-754FD6606618}
		{5E093F16-E114-49BD-B1A8-C24036F3F328} = {EC9221DB-A3AD-4810-85E6-754FD6606618}
		{0BE7CE4F-AD72-4FBB-89F2-4349982E62C3} = {78971383-3C53-404E-BE1B-1AEA722D7C0A}
	EndGlobalSection
EndGlobal
