Microsoft Visual Studio Solution File, Format Version 9.00
# Visual Studio 2005
Project("{FAE04EC0-301F-11D3-BF4B-00C04F79EFBC}") = "WSSTstc", "WSSTstc\WSSTstc.csproj", "{34228875-5283-400D-A4AE-CACE92972D3A}"
	ProjectSection(WebsiteProperties) = preProject
		Debug.AspNetCompiler.Debug = "True"
		Release.AspNetCompiler.Debug = "False"
	EndProjectSection
EndProject
Global
	GlobalSection(SourceCodeControl) = preSolution
		SccNumberOfProjects = 1
		SccProjectUniqueName0 = WSSTstc\\WSSTstc.csproj
		SccProjectName0 = \u0022$/RTS/WSSTstc_WS\u0022,\u0020BCBAAAAA
		SccLocalPath0 = WSSTstc
		SccProvider0 = MSSCCI:Microsoft\u0020Visual\u0020SourceSafe
		SccProjectEnlistmentChoice0 = 2
	EndGlobalSection
	GlobalSection(SolutionConfigurationPlatforms) = preSolution
		Debug|Any CPU = Debug|Any CPU
		Release|Any CPU = Release|Any CPU
	EndGlobalSection
	GlobalSection(ProjectConfigurationPlatforms) = postSolution
		{34228875-5283-400D-A4AE-CACE92972D3A}.Debug|Any CPU.ActiveCfg = Debug|Any CPU
		{34228875-5283-400D-A4AE-CACE92972D3A}.Debug|Any CPU.Build.0 = Debug|Any CPU
		{34228875-5283-400D-A4AE-CACE92972D3A}.Release|Any CPU.ActiveCfg = Release|Any CPU
		{34228875-5283-400D-A4AE-CACE92972D3A}.Release|Any CPU.Build.0 = Release|Any CPU
	EndGlobalSection
	GlobalSection(SolutionProperties) = preSolution
		HideSolutionNode = FALSE
	EndGlobalSection
EndGlobal
