Microsoft Visual Studio Solution File, Format Version 9.00
# Visual Studio 2005
Project("{FAE04EC0-301F-11D3-BF4B-00C04F79EFBC}") = "WSST_FileReceiver", "WSST_FileReceiver\WSST_FileReceiver.csproj", "{C93E3D50-89B8-47C9-9363-0698BE16AD87}"
	ProjectSection(WebsiteProperties) = preProject
		Debug.AspNetCompiler.Debug = "True"
		Release.AspNetCompiler.Debug = "False"
	EndProjectSection
EndProject
Project("{FAE04EC0-301F-11D3-BF4B-00C04F79EFBC}") = "WSST_Processor", "WSST_Processor\WSST_Processor.csproj", "{CBAE1418-58D5-4944-9E43-57D5F75020D2}"
	ProjectSection(WebsiteProperties) = preProject
		Debug.AspNetCompiler.Debug = "True"
		Release.AspNetCompiler.Debug = "False"
	EndProjectSection
EndProject
Project("{FAE04EC0-301F-11D3-BF4B-00C04F79EFBC}") = "Test_FileMover", "Test_FileMover\Test_FileMover.csproj", "{2DE2576D-9A01-4BAF-A616-030AA599CDC6}"
	ProjectSection(WebsiteProperties) = preProject
		Debug.AspNetCompiler.Debug = "True"
		Release.AspNetCompiler.Debug = "False"
	EndProjectSection
EndProject
Project("{FAE04EC0-301F-11D3-BF4B-00C04F79EFBC}") = "StructToTable", "StructToTable\StructToTable.csproj", "{09DE4F88-70C7-4556-85D3-B5FCC4BCDFF1}"
	ProjectSection(WebsiteProperties) = preProject
		Debug.AspNetCompiler.Debug = "True"
		Release.AspNetCompiler.Debug = "False"
	EndProjectSection
EndProject
Project("{FAE04EC0-301F-11D3-BF4B-00C04F79EFBC}") = "WSST_FileRcvrHostService", "WSST_FileRcvrHostService\WSST_FileRcvrHostService.csproj", "{83BD7B2C-9661-439B-AD29-BD3D40307429}"
	ProjectSection(WebsiteProperties) = preProject
		Debug.AspNetCompiler.Debug = "True"
		Release.AspNetCompiler.Debug = "False"
	EndProjectSection
EndProject
Project("{FAE04EC0-301F-11D3-BF4B-00C04F79EFBC}") = "WSST_ProcessorHostService", "WSST_ProcessorHostService\WSST_ProcessorHostService.csproj", "{785E5239-95E1-40F4-9188-F44F3C09FA92}"
	ProjectSection(WebsiteProperties) = preProject
		Debug.AspNetCompiler.Debug = "True"
		Release.AspNetCompiler.Debug = "False"
	EndProjectSection
EndProject
Project("{2150E333-8FDC-42A3-9474-1A3956D46DE8}") = "Solution Items", "Solution Items", "{83449763-C59E-43CA-B5C7-D74E1A6D84F9}"
	ProjectSection(WebsiteProperties) = preProject
		Debug.AspNetCompiler.Debug = "True"
		Release.AspNetCompiler.Debug = "False"
	EndProjectSection
EndProject
Global
	GlobalSection(TeamFoundationVersionControl) = preSolution
		SccNumberOfProjects = 7
		SccEnterpriseProvider = {4CA58AB2-18FA-4F8D-95D4-32DDF27D184C}
		SccTeamFoundationServer = http://mt8808-02:8080/
		SccProjectUniqueName0 = WSST_FileReceiver\\WSST_FileReceiver.csproj
		SccProjectName0 = WSST_FileReceiver
		SccLocalPath0 = WSST_FileReceiver
		SccProjectUniqueName1 = WSST_Processor\\WSST_Processor.csproj
		SccProjectName1 = WSST_Processor
		SccLocalPath1 = WSST_Processor
		SccProjectUniqueName2 = Test_FileMover\\Test_FileMover.csproj
		SccProjectName2 = Test_FileMover
		SccLocalPath2 = Test_FileMover
		SccProjectUniqueName3 = StructToTable\\StructToTable.csproj
		SccProjectName3 = StructToTable
		SccLocalPath3 = StructToTable
		SccProjectUniqueName4 = WSST_FileRcvrHostService\\WSST_FileRcvrHostService.csproj
		SccProjectName4 = WSST_FileRcvrHostService
		SccLocalPath4 = WSST_FileRcvrHostService
		SccProjectUniqueName5 = WSST_ProcessorHostService\\WSST_ProcessorHostService.csproj
		SccProjectName5 = WSST_ProcessorHostService
		SccLocalPath5 = WSST_ProcessorHostService
		SccLocalPath6 = .
	EndGlobalSection
	GlobalSection(SolutionConfigurationPlatforms) = preSolution
		Debug|Any CPU = Debug|Any CPU
		Release|Any CPU = Release|Any CPU
	EndGlobalSection
	GlobalSection(ProjectConfigurationPlatforms) = postSolution
		{C93E3D50-89B8-47C9-9363-0698BE16AD87}.Debug|Any CPU.ActiveCfg = Debug|Any CPU
		{C93E3D50-89B8-47C9-9363-0698BE16AD87}.Debug|Any CPU.Build.0 = Debug|Any CPU
		{C93E3D50-89B8-47C9-9363-0698BE16AD87}.Release|Any CPU.ActiveCfg = Release|Any CPU
		{C93E3D50-89B8-47C9-9363-0698BE16AD87}.Release|Any CPU.Build.0 = Release|Any CPU
		{CBAE1418-58D5-4944-9E43-57D5F75020D2}.Debug|Any CPU.ActiveCfg = Debug|Any CPU
		{CBAE1418-58D5-4944-9E43-57D5F75020D2}.Debug|Any CPU.Build.0 = Debug|Any CPU
		{CBAE1418-58D5-4944-9E43-57D5F75020D2}.Release|Any CPU.ActiveCfg = Release|Any CPU
		{CBAE1418-58D5-4944-9E43-57D5F75020D2}.Release|Any CPU.Build.0 = Release|Any CPU
		{2DE2576D-9A01-4BAF-A616-030AA599CDC6}.Debug|Any CPU.ActiveCfg = Debug|Any CPU
		{2DE2576D-9A01-4BAF-A616-030AA599CDC6}.Debug|Any CPU.Build.0 = Debug|Any CPU
		{2DE2576D-9A01-4BAF-A616-030AA599CDC6}.Release|Any CPU.ActiveCfg = Release|Any CPU
		{2DE2576D-9A01-4BAF-A616-030AA599CDC6}.Release|Any CPU.Build.0 = Release|Any CPU
		{09DE4F88-70C7-4556-85D3-B5FCC4BCDFF1}.Debug|Any CPU.ActiveCfg = Debug|Any CPU
		{09DE4F88-70C7-4556-85D3-B5FCC4BCDFF1}.Debug|Any CPU.Build.0 = Debug|Any CPU
		{09DE4F88-70C7-4556-85D3-B5FCC4BCDFF1}.Release|Any CPU.ActiveCfg = Release|Any CPU
		{09DE4F88-70C7-4556-85D3-B5FCC4BCDFF1}.Release|Any CPU.Build.0 = Release|Any CPU
		{83BD7B2C-9661-439B-AD29-BD3D40307429}.Debug|Any CPU.ActiveCfg = Debug|Any CPU
		{83BD7B2C-9661-439B-AD29-BD3D40307429}.Debug|Any CPU.Build.0 = Debug|Any CPU
		{83BD7B2C-9661-439B-AD29-BD3D40307429}.Release|Any CPU.ActiveCfg = Release|Any CPU
		{83BD7B2C-9661-439B-AD29-BD3D40307429}.Release|Any CPU.Build.0 = Release|Any CPU
		{785E5239-95E1-40F4-9188-F44F3C09FA92}.Debug|Any CPU.ActiveCfg = Debug|Any CPU
		{785E5239-95E1-40F4-9188-F44F3C09FA92}.Debug|Any CPU.Build.0 = Debug|Any CPU
		{785E5239-95E1-40F4-9188-F44F3C09FA92}.Release|Any CPU.ActiveCfg = Release|Any CPU
		{785E5239-95E1-40F4-9188-F44F3C09FA92}.Release|Any CPU.Build.0 = Release|Any CPU
	EndGlobalSection
	GlobalSection(SolutionProperties) = preSolution
		HideSolutionNode = FALSE
	EndGlobalSection
EndGlobal
