Microsoft Visual Studio Solution File, Format Version 10.00
# Visual Studio 2008
Project("{2150E333-8FDC-42A3-9474-1A3956D46DE8}") = "WSSTCHQ_BE", "WSSTCHQ_BE", "{A120406E-0808-4BD1-852F-5488E04A495B}"
EndProject
Project("{FAE04EC0-301F-11D3-BF4B-00C04F79EFBC}") = "LogListener", "LogListener\LogListener.csproj", "{F15DD849-34A6-49E4-A3E6-7E7804317C02}"
EndProject
Project("{FAE04EC0-301F-11D3-BF4B-00C04F79EFBC}") = "PeriodicReportListener", "PeriodicReportListener\PeriodicReportListener.csproj", "{D9EDDA73-6026-41CF-8561-D4D24E6E8419}"
EndProject
Project("{FAE04EC0-301F-11D3-BF4B-00C04F79EFBC}") = "NotificationHandlers", "NotificationHandlers\NotificationHandlers.csproj", "{396FFE46-1FE7-494C-90D8-9DB4672A1CA6}"
EndProject
Project("{FAE04EC0-301F-11D3-BF4B-00C04F79EFBC}") = "RTSAlertHostService", "RTSAlertHostService\RTSAlertHostService.csproj", "{F8976E5B-6D51-4152-AC28-483749758FB6}"
EndProject
Project("{FAE04EC0-301F-11D3-BF4B-00C04F79EFBC}") = "CommonComponents", "..\WSTCHQ_BE\CommonComponents\CommonComponents.csproj", "{7786779D-6B79-4A51-A03E-2497DCFE2025}"
EndProject
Project("{FAE04EC0-301F-11D3-BF4B-00C04F79EFBC}") = "CommonInterfaces", "..\WSTCHQ_BE\CommonInterfaces\CommonInterfaces.csproj", "{B3FC887C-77F3-4347-B5C9-07C0172F5DEB}"
EndProject
Project("{FAE04EC0-301F-11D3-BF4B-00C04F79EFBC}") = "CryptoInterfaces", "..\WSTCHQ_BE\CryptoInterfaces\CryptoInterfaces.csproj", "{06D4C54B-A25A-4684-BC6C-192CEB970170}"
EndProject
Project("{2150E333-8FDC-42A3-9474-1A3956D46DE8}") = "Common", "Common", "{F22DCC53-789D-4DAF-A2DD-0806BAB6538F}"
EndProject
Project("{FAE04EC0-301F-11D3-BF4B-00C04F79EFBC}") = "IRU.RTS.Common", "..\Common\IRU.RTS.Common\IRU.RTS.Common.csproj", "{51C1C416-18C9-4A64-B542-A2E8B3299F61}"
EndProject
Global
	GlobalSection(SolutionConfigurationPlatforms) = preSolution
		Debug|Any CPU = Debug|Any CPU
		Release|Any CPU = Release|Any CPU
	EndGlobalSection
	GlobalSection(ProjectConfigurationPlatforms) = postSolution
		{F15DD849-34A6-49E4-A3E6-7E7804317C02}.Debug|Any CPU.ActiveCfg = Debug|Any CPU
		{F15DD849-34A6-49E4-A3E6-7E7804317C02}.Debug|Any CPU.Build.0 = Debug|Any CPU
		{F15DD849-34A6-49E4-A3E6-7E7804317C02}.Release|Any CPU.ActiveCfg = Release|Any CPU
		{F15DD849-34A6-49E4-A3E6-7E7804317C02}.Release|Any CPU.Build.0 = Release|Any CPU
		{D9EDDA73-6026-41CF-8561-D4D24E6E8419}.Debug|Any CPU.ActiveCfg = Debug|Any CPU
		{D9EDDA73-6026-41CF-8561-D4D24E6E8419}.Debug|Any CPU.Build.0 = Debug|Any CPU
		{D9EDDA73-6026-41CF-8561-D4D24E6E8419}.Release|Any CPU.ActiveCfg = Release|Any CPU
		{D9EDDA73-6026-41CF-8561-D4D24E6E8419}.Release|Any CPU.Build.0 = Release|Any CPU
		{396FFE46-1FE7-494C-90D8-9DB4672A1CA6}.Debug|Any CPU.ActiveCfg = Debug|Any CPU
		{396FFE46-1FE7-494C-90D8-9DB4672A1CA6}.Debug|Any CPU.Build.0 = Debug|Any CPU
		{396FFE46-1FE7-494C-90D8-9DB4672A1CA6}.Release|Any CPU.ActiveCfg = Release|Any CPU
		{396FFE46-1FE7-494C-90D8-9DB4672A1CA6}.Release|Any CPU.Build.0 = Release|Any CPU
		{F8976E5B-6D51-4152-AC28-483749758FB6}.Debug|Any CPU.ActiveCfg = Debug|Any CPU
		{F8976E5B-6D51-4152-AC28-483749758FB6}.Debug|Any CPU.Build.0 = Debug|Any CPU
		{F8976E5B-6D51-4152-AC28-483749758FB6}.Release|Any CPU.ActiveCfg = Release|Any CPU
		{F8976E5B-6D51-4152-AC28-483749758FB6}.Release|Any CPU.Build.0 = Release|Any CPU
		{7786779D-6B79-4A51-A03E-2497DCFE2025}.Debug|Any CPU.ActiveCfg = Debug|Any CPU
		{7786779D-6B79-4A51-A03E-2497DCFE2025}.Debug|Any CPU.Build.0 = Debug|Any CPU
		{7786779D-6B79-4A51-A03E-2497DCFE2025}.Release|Any CPU.ActiveCfg = Release|Any CPU
		{7786779D-6B79-4A51-A03E-2497DCFE2025}.Release|Any CPU.Build.0 = Release|Any CPU
		{B3FC887C-77F3-4347-B5C9-07C0172F5DEB}.Debug|Any CPU.ActiveCfg = Debug|Any CPU
		{B3FC887C-77F3-4347-B5C9-07C0172F5DEB}.Debug|Any CPU.Build.0 = Debug|Any CPU
		{B3FC887C-77F3-4347-B5C9-07C0172F5DEB}.Release|Any CPU.ActiveCfg = Release|Any CPU
		{B3FC887C-77F3-4347-B5C9-07C0172F5DEB}.Release|Any CPU.Build.0 = Release|Any CPU
		{06D4C54B-A25A-4684-BC6C-192CEB970170}.Debug|Any CPU.ActiveCfg = Debug|Any CPU
		{06D4C54B-A25A-4684-BC6C-192CEB970170}.Debug|Any CPU.Build.0 = Debug|Any CPU
		{06D4C54B-A25A-4684-BC6C-192CEB970170}.Release|Any CPU.ActiveCfg = Release|Any CPU
		{06D4C54B-A25A-4684-BC6C-192CEB970170}.Release|Any CPU.Build.0 = Release|Any CPU
		{51C1C416-18C9-4A64-B542-A2E8B3299F61}.Debug|Any CPU.ActiveCfg = Debug|Any CPU
		{51C1C416-18C9-4A64-B542-A2E8B3299F61}.Debug|Any CPU.Build.0 = Debug|Any CPU
		{51C1C416-18C9-4A64-B542-A2E8B3299F61}.Release|Any CPU.ActiveCfg = Release|Any CPU
		{51C1C416-18C9-4A64-B542-A2E8B3299F61}.Release|Any CPU.Build.0 = Release|Any CPU
	EndGlobalSection
	GlobalSection(SolutionProperties) = preSolution
		HideSolutionNode = FALSE
	EndGlobalSection
	GlobalSection(NestedProjects) = preSolution
		{7786779D-6B79-4A51-A03E-2497DCFE2025} = {A120406E-0808-4BD1-852F-5488E04A495B}
		{B3FC887C-77F3-4347-B5C9-07C0172F5DEB} = {A120406E-0808-4BD1-852F-5488E04A495B}
		{06D4C54B-A25A-4684-BC6C-192CEB970170} = {A120406E-0808-4BD1-852F-5488E04A495B}
		{51C1C416-18C9-4A64-B542-A2E8B3299F61} = {F22DCC53-789D-4DAF-A2DD-0806BAB6538F}
	EndGlobalSection
EndGlobal
