
Microsoft Visual Studio Solution File, Format Version 10.00
# Visual Studio 2008
Project("{2150E333-8FDC-42A3-9474-1A3956D46DE8}") = "Common", "Common", "{64F5AB60-8730-4C24-A282-825B31B2E3DB}"
EndProject
Project("{FAE04EC0-301F-11D3-BF4B-00C04F79EFBC}") = "IRU.RTS.WS.Common.Data.Current", "..\Common\IRU.RTS.WS.Common.Data.Current\IRU.RTS.WS.Common.Data.Current.csproj", "{E7A04FBF-B3E8-4E2A-A18A-93D6A2DC56B3}"
EndProject
Project("{2150E333-8FDC-42A3-9474-1A3956D46DE8}") = "CarnetService", "CarnetService", "{144084B7-2CAC-4FD5-ACBF-C1678BAA60AE}"
EndProject
Project("{FAE04EC0-301F-11D3-BF4B-00C04F79EFBC}") = "IRU.RTS.WS.CarnetService.Interface", "IRU.RTS.WS.CarnetService.Interface\IRU.RTS.WS.CarnetService.Interface.csproj", "{8939FFE9-25C2-4CB9-A7E4-0FF81401D9F2}"
EndProject
Project("{FAE04EC0-301F-11D3-BF4B-00C04F79EFBC}") = "IRU.RTS.WS.CarnetService.Implementation", "IRU.RTS.WS.CarnetService.Implementation\IRU.RTS.WS.CarnetService.Implementation.csproj", "{BDAC121A-4F5C-4CED-8CD0-334BEE37720D}"
EndProject
Project("{2150E333-8FDC-42A3-9474-1A3956D46DE8}") = "TestClient", "TestClient", "{E851A814-15F4-4602-96F7-5EF018C5EEC9}"
EndProject
Project("{FAE04EC0-301F-11D3-BF4B-00C04F79EFBC}") = "IRU.RTS.WS.TestClient", "..\TestClient\IRU.RTS.WS.TestClient\IRU.RTS.WS.TestClient.csproj", "{7EA2D680-816E-4222-AF4F-5375B8D4AD0A}"
EndProject
Project("{FAE04EC0-301F-11D3-BF4B-00C04F79EFBC}") = "IRU.RTS.WS.Common.Data.WsSubscriber", "..\Common\IRU.RTS.WS.Common.Data.WsSubscriber\IRU.RTS.WS.Common.Data.WsSubscriber.csproj", "{7366225C-600D-4630-8251-62AA676DF881}"
EndProject
Project("{FAE04EC0-301F-11D3-BF4B-00C04F79EFBC}") = "IRU.RTS.WS.Common.Logging", "..\Common\IRU.RTS.WS.Common.Logging\IRU.RTS.WS.Common.Logging.csproj", "{C9CA3812-A4AC-4E28-8E39-F0E729E657A7}"
EndProject
Project("{FAE04EC0-301F-11D3-BF4B-00C04F79EFBC}") = "IRU.RTS.WS.Common.Data.RTSPlusLog", "..\Common\IRU.RTS.WS.Common.Data.RTSPlusLog\IRU.RTS.WS.Common.Data.RTSPlusLog.csproj", "{D8B88736-7128-4954-9C7A-111A04F7E9F1}"
EndProject
Project("{FAE04EC0-301F-11D3-BF4B-00C04F79EFBC}") = "IRU.RTS.WS.Common.Security.RTSPlus", "..\Common\IRU.RTS.WS.Common.Security.RTSPlus\IRU.RTS.WS.Common.Security.RTSPlus.csproj", "{F7AB4C76-95BC-4E0B-9A33-E2585D925E0F}"
EndProject
Project("{FAE04EC0-301F-11D3-BF4B-00C04F79EFBC}") = "IRU.RTS.WS.Common.Subscribers", "..\Common\IRU.RTS.WS.Common.Subscribers\IRU.RTS.WS.Common.Subscribers.csproj", "{6C841C89-04EA-4A9E-BCBE-E3DA82379C52}"
EndProject
Global
	GlobalSection(SolutionConfigurationPlatforms) = preSolution
		Debug|Any CPU = Debug|Any CPU
		Release|Any CPU = Release|Any CPU
	EndGlobalSection
	GlobalSection(ProjectConfigurationPlatforms) = postSolution
		{E7A04FBF-B3E8-4E2A-A18A-93D6A2DC56B3}.Debug|Any CPU.ActiveCfg = Debug|Any CPU
		{E7A04FBF-B3E8-4E2A-A18A-93D6A2DC56B3}.Debug|Any CPU.Build.0 = Debug|Any CPU
		{E7A04FBF-B3E8-4E2A-A18A-93D6A2DC56B3}.Release|Any CPU.ActiveCfg = Release|Any CPU
		{E7A04FBF-B3E8-4E2A-A18A-93D6A2DC56B3}.Release|Any CPU.Build.0 = Release|Any CPU
		{8939FFE9-25C2-4CB9-A7E4-0FF81401D9F2}.Debug|Any CPU.ActiveCfg = Debug|Any CPU
		{8939FFE9-25C2-4CB9-A7E4-0FF81401D9F2}.Debug|Any CPU.Build.0 = Debug|Any CPU
		{8939FFE9-25C2-4CB9-A7E4-0FF81401D9F2}.Release|Any CPU.ActiveCfg = Release|Any CPU
		{8939FFE9-25C2-4CB9-A7E4-0FF81401D9F2}.Release|Any CPU.Build.0 = Release|Any CPU
		{BDAC121A-4F5C-4CED-8CD0-334BEE37720D}.Debug|Any CPU.ActiveCfg = Debug|Any CPU
		{BDAC121A-4F5C-4CED-8CD0-334BEE37720D}.Debug|Any CPU.Build.0 = Debug|Any CPU
		{BDAC121A-4F5C-4CED-8CD0-334BEE37720D}.Release|Any CPU.ActiveCfg = Release|Any CPU
		{BDAC121A-4F5C-4CED-8CD0-334BEE37720D}.Release|Any CPU.Build.0 = Release|Any CPU
		{7EA2D680-816E-4222-AF4F-5375B8D4AD0A}.Debug|Any CPU.ActiveCfg = Debug|Any CPU
		{7EA2D680-816E-4222-AF4F-5375B8D4AD0A}.Debug|Any CPU.Build.0 = Debug|Any CPU
		{7EA2D680-816E-4222-AF4F-5375B8D4AD0A}.Release|Any CPU.ActiveCfg = Release|Any CPU
		{7EA2D680-816E-4222-AF4F-5375B8D4AD0A}.Release|Any CPU.Build.0 = Release|Any CPU
		{7366225C-600D-4630-8251-62AA676DF881}.Debug|Any CPU.ActiveCfg = Debug|Any CPU
		{7366225C-600D-4630-8251-62AA676DF881}.Debug|Any CPU.Build.0 = Debug|Any CPU
		{7366225C-600D-4630-8251-62AA676DF881}.Release|Any CPU.ActiveCfg = Release|Any CPU
		{7366225C-600D-4630-8251-62AA676DF881}.Release|Any CPU.Build.0 = Release|Any CPU
		{C9CA3812-A4AC-4E28-8E39-F0E729E657A7}.Debug|Any CPU.ActiveCfg = Debug|Any CPU
		{C9CA3812-A4AC-4E28-8E39-F0E729E657A7}.Debug|Any CPU.Build.0 = Debug|Any CPU
		{C9CA3812-A4AC-4E28-8E39-F0E729E657A7}.Release|Any CPU.ActiveCfg = Release|Any CPU
		{C9CA3812-A4AC-4E28-8E39-F0E729E657A7}.Release|Any CPU.Build.0 = Release|Any CPU
		{D8B88736-7128-4954-9C7A-111A04F7E9F1}.Debug|Any CPU.ActiveCfg = Debug|Any CPU
		{D8B88736-7128-4954-9C7A-111A04F7E9F1}.Debug|Any CPU.Build.0 = Debug|Any CPU
		{D8B88736-7128-4954-9C7A-111A04F7E9F1}.Release|Any CPU.ActiveCfg = Release|Any CPU
		{D8B88736-7128-4954-9C7A-111A04F7E9F1}.Release|Any CPU.Build.0 = Release|Any CPU
		{F7AB4C76-95BC-4E0B-9A33-E2585D925E0F}.Debug|Any CPU.ActiveCfg = Debug|Any CPU
		{F7AB4C76-95BC-4E0B-9A33-E2585D925E0F}.Debug|Any CPU.Build.0 = Debug|Any CPU
		{F7AB4C76-95BC-4E0B-9A33-E2585D925E0F}.Release|Any CPU.ActiveCfg = Release|Any CPU
		{F7AB4C76-95BC-4E0B-9A33-E2585D925E0F}.Release|Any CPU.Build.0 = Release|Any CPU
		{6C841C89-04EA-4A9E-BCBE-E3DA82379C52}.Debug|Any CPU.ActiveCfg = Debug|Any CPU
		{6C841C89-04EA-4A9E-BCBE-E3DA82379C52}.Debug|Any CPU.Build.0 = Debug|Any CPU
		{6C841C89-04EA-4A9E-BCBE-E3DA82379C52}.Release|Any CPU.ActiveCfg = Release|Any CPU
		{6C841C89-04EA-4A9E-BCBE-E3DA82379C52}.Release|Any CPU.Build.0 = Release|Any CPU
	EndGlobalSection
	GlobalSection(SolutionProperties) = preSolution
		HideSolutionNode = FALSE
	EndGlobalSection
	GlobalSection(NestedProjects) = preSolution
		{E7A04FBF-B3E8-4E2A-A18A-93D6A2DC56B3} = {64F5AB60-8730-4C24-A282-825B31B2E3DB}
		{7366225C-600D-4630-8251-62AA676DF881} = {64F5AB60-8730-4C24-A282-825B31B2E3DB}
		{C9CA3812-A4AC-4E28-8E39-F0E729E657A7} = {64F5AB60-8730-4C24-A282-825B31B2E3DB}
		{D8B88736-7128-4954-9C7A-111A04F7E9F1} = {64F5AB60-8730-4C24-A282-825B31B2E3DB}
		{F7AB4C76-95BC-4E0B-9A33-E2585D925E0F} = {64F5AB60-8730-4C24-A282-825B31B2E3DB}
		{6C841C89-04EA-4A9E-BCBE-E3DA82379C52} = {64F5AB60-8730-4C24-A282-825B31B2E3DB}
		{8939FFE9-25C2-4CB9-A7E4-0FF81401D9F2} = {144084B7-2CAC-4FD5-ACBF-C1678BAA60AE}
		{BDAC121A-4F5C-4CED-8CD0-334BEE37720D} = {144084B7-2CAC-4FD5-ACBF-C1678BAA60AE}
		{7EA2D680-816E-4222-AF4F-5375B8D4AD0A} = {E851A814-15F4-4602-96F7-5EF018C5EEC9}
	EndGlobalSection
EndGlobal
