Microsoft Visual Studio Solution File, Format Version 10.00
# Visual Studio 2008
Project("{FAE04EC0-301F-11D3-BF4B-00C04F79EFBC}") = "CommonInterfaces", "CommonInterfaces\CommonInterfaces.csproj", "{B3FC887C-77F3-4347-B5C9-07C0172F5DEB}"
EndProject
Project("{FAE04EC0-301F-11D3-BF4B-00C04F79EFBC}") = "CommonComponents", "CommonComponents\CommonComponents.csproj", "{7786779D-6B79-4A51-A03E-2497DCFE2025}"
EndProject
Project("{FAE04EC0-301F-11D3-BF4B-00C04F79EFBC}") = "TCHQ_Processor", "TCHQ_Processor\TCHQ_Processor.csproj", "{FFB77A89-28E2-46CB-B3DD-EFED10FACFFD}"
EndProject
Project("{FAE04EC0-301F-11D3-BF4B-00C04F79EFBC}") = "GenTestHost", "GenTestHost\GenTestHost.csproj", "{C50D522B-37D7-430F-AD4F-6ADDA9E8F096}"
EndProject
Project("{FAE04EC0-301F-11D3-BF4B-00C04F79EFBC}") = "CryptoInterfaces", "CryptoInterfaces\CryptoInterfaces.csproj", "{06D4C54B-A25A-4684-BC6C-192CEB970170}"
EndProject
Project("{FAE04EC0-301F-11D3-BF4B-00C04F79EFBC}") = "RTSStructures", "RTSStructures\RTSStructures.csproj", "{BBF126D5-CA34-4786-A61D-0B426EC0677B}"
EndProject
Project("{FAE04EC0-301F-11D3-BF4B-00C04F79EFBC}") = "CryptEngine", "CryptEngine\CryptEngine.csproj", "{DAD79E22-2139-4ECB-827E-8F7FB871F5D1}"
EndProject
Project("{FAE04EC0-301F-11D3-BF4B-00C04F79EFBC}") = "FileListener", "FileListener\FileListener.csproj", "{5489F565-7459-44B1-926C-B6B69655C8BC}"
EndProject
Project("{FAE04EC0-301F-11D3-BF4B-00C04F79EFBC}") = "KeyManager", "KeyManager\KeyManager.csproj", "{5E093F16-E114-49BD-B1A8-C24036F3F328}"
EndProject
Project("{FAE04EC0-301F-11D3-BF4B-00C04F79EFBC}") = "TCHQHostService", "TCHQHostService\TCHQHostService.csproj", "{DC62515E-09C6-4176-8CA7-F689DACE44E7}"
EndProject
Project("{FAE04EC0-301F-11D3-BF4B-00C04F79EFBC}") = "SubscriberDBHelper", "SubscriberDBHelper\SubscriberDBHelper.csproj", "{2CFCD16E-4CFB-479B-BD8E-53FA95A3BD59}"
EndProject
Project("{2150E333-8FDC-42A3-9474-1A3956D46DE8}") = "Common", "Common", "{48572F56-8E04-4095-B779-21D1BDA33D29}"
EndProject
Project("{FAE04EC0-301F-11D3-BF4B-00C04F79EFBC}") = "IRU.RTS.Common", "..\Common\IRU.RTS.Common\IRU.RTS.Common.csproj", "{51C1C416-18C9-4A64-B542-A2E8B3299F61}"
EndProject
Global
	GlobalSection(SolutionConfigurationPlatforms) = preSolution
		Debug|Any CPU = Debug|Any CPU
		Release|Any CPU = Release|Any CPU
	EndGlobalSection
	GlobalSection(ProjectConfigurationPlatforms) = postSolution
		{B3FC887C-77F3-4347-B5C9-07C0172F5DEB}.Debug|Any CPU.ActiveCfg = Debug|Any CPU
		{B3FC887C-77F3-4347-B5C9-07C0172F5DEB}.Debug|Any CPU.Build.0 = Debug|Any CPU
		{B3FC887C-77F3-4347-B5C9-07C0172F5DEB}.Release|Any CPU.ActiveCfg = Release|Any CPU
		{B3FC887C-77F3-4347-B5C9-07C0172F5DEB}.Release|Any CPU.Build.0 = Release|Any CPU
		{7786779D-6B79-4A51-A03E-2497DCFE2025}.Debug|Any CPU.ActiveCfg = Debug|Any CPU
		{7786779D-6B79-4A51-A03E-2497DCFE2025}.Debug|Any CPU.Build.0 = Debug|Any CPU
		{7786779D-6B79-4A51-A03E-2497DCFE2025}.Release|Any CPU.ActiveCfg = Release|Any CPU
		{7786779D-6B79-4A51-A03E-2497DCFE2025}.Release|Any CPU.Build.0 = Release|Any CPU
		{FFB77A89-28E2-46CB-B3DD-EFED10FACFFD}.Debug|Any CPU.ActiveCfg = Debug|Any CPU
		{FFB77A89-28E2-46CB-B3DD-EFED10FACFFD}.Debug|Any CPU.Build.0 = Debug|Any CPU
		{FFB77A89-28E2-46CB-B3DD-EFED10FACFFD}.Release|Any CPU.ActiveCfg = Release|Any CPU
		{FFB77A89-28E2-46CB-B3DD-EFED10FACFFD}.Release|Any CPU.Build.0 = Release|Any CPU
		{C50D522B-37D7-430F-AD4F-6ADDA9E8F096}.Debug|Any CPU.ActiveCfg = Debug|Any CPU
		{C50D522B-37D7-430F-AD4F-6ADDA9E8F096}.Debug|Any CPU.Build.0 = Debug|Any CPU
		{C50D522B-37D7-430F-AD4F-6ADDA9E8F096}.Release|Any CPU.ActiveCfg = Release|Any CPU
		{C50D522B-37D7-430F-AD4F-6ADDA9E8F096}.Release|Any CPU.Build.0 = Release|Any CPU
		{06D4C54B-A25A-4684-BC6C-192CEB970170}.Debug|Any CPU.ActiveCfg = Debug|Any CPU
		{06D4C54B-A25A-4684-BC6C-192CEB970170}.Debug|Any CPU.Build.0 = Debug|Any CPU
		{06D4C54B-A25A-4684-BC6C-192CEB970170}.Release|Any CPU.ActiveCfg = Release|Any CPU
		{06D4C54B-A25A-4684-BC6C-192CEB970170}.Release|Any CPU.Build.0 = Release|Any CPU
		{BBF126D5-CA34-4786-A61D-0B426EC0677B}.Debug|Any CPU.ActiveCfg = Debug|Any CPU
		{BBF126D5-CA34-4786-A61D-0B426EC0677B}.Debug|Any CPU.Build.0 = Debug|Any CPU
		{BBF126D5-CA34-4786-A61D-0B426EC0677B}.Release|Any CPU.ActiveCfg = Release|Any CPU
		{BBF126D5-CA34-4786-A61D-0B426EC0677B}.Release|Any CPU.Build.0 = Release|Any CPU
		{DAD79E22-2139-4ECB-827E-8F7FB871F5D1}.Debug|Any CPU.ActiveCfg = Debug|Any CPU
		{DAD79E22-2139-4ECB-827E-8F7FB871F5D1}.Debug|Any CPU.Build.0 = Debug|Any CPU
		{DAD79E22-2139-4ECB-827E-8F7FB871F5D1}.Release|Any CPU.ActiveCfg = Release|Any CPU
		{DAD79E22-2139-4ECB-827E-8F7FB871F5D1}.Release|Any CPU.Build.0 = Release|Any CPU
		{5489F565-7459-44B1-926C-B6B69655C8BC}.Debug|Any CPU.ActiveCfg = Debug|Any CPU
		{5489F565-7459-44B1-926C-B6B69655C8BC}.Debug|Any CPU.Build.0 = Debug|Any CPU
		{5489F565-7459-44B1-926C-B6B69655C8BC}.Release|Any CPU.ActiveCfg = Release|Any CPU
		{5489F565-7459-44B1-926C-B6B69655C8BC}.Release|Any CPU.Build.0 = Release|Any CPU
		{5E093F16-E114-49BD-B1A8-C24036F3F328}.Debug|Any CPU.ActiveCfg = Debug|Any CPU
		{5E093F16-E114-49BD-B1A8-C24036F3F328}.Debug|Any CPU.Build.0 = Debug|Any CPU
		{5E093F16-E114-49BD-B1A8-C24036F3F328}.Release|Any CPU.ActiveCfg = Release|Any CPU
		{5E093F16-E114-49BD-B1A8-C24036F3F328}.Release|Any CPU.Build.0 = Release|Any CPU
		{DC62515E-09C6-4176-8CA7-F689DACE44E7}.Debug|Any CPU.ActiveCfg = Debug|Any CPU
		{DC62515E-09C6-4176-8CA7-F689DACE44E7}.Debug|Any CPU.Build.0 = Debug|Any CPU
		{DC62515E-09C6-4176-8CA7-F689DACE44E7}.Release|Any CPU.ActiveCfg = Release|Any CPU
		{DC62515E-09C6-4176-8CA7-F689DACE44E7}.Release|Any CPU.Build.0 = Release|Any CPU
		{2CFCD16E-4CFB-479B-BD8E-53FA95A3BD59}.Debug|Any CPU.ActiveCfg = Debug|Any CPU
		{2CFCD16E-4CFB-479B-BD8E-53FA95A3BD59}.Debug|Any CPU.Build.0 = Debug|Any CPU
		{2CFCD16E-4CFB-479B-BD8E-53FA95A3BD59}.Release|Any CPU.ActiveCfg = Release|Any CPU
		{2CFCD16E-4CFB-479B-BD8E-53FA95A3BD59}.Release|Any CPU.Build.0 = Release|Any CPU
		{51C1C416-18C9-4A64-B542-A2E8B3299F61}.Debug|Any CPU.ActiveCfg = Debug|Any CPU
		{51C1C416-18C9-4A64-B542-A2E8B3299F61}.Debug|Any CPU.Build.0 = Debug|Any CPU
		{51C1C416-18C9-4A64-B542-A2E8B3299F61}.Release|Any CPU.ActiveCfg = Release|Any CPU
		{51C1C416-18C9-4A64-B542-A2E8B3299F61}.Release|Any CPU.Build.0 = Release|Any CPU
	EndGlobalSection
	GlobalSection(SolutionProperties) = preSolution
		HideSolutionNode = FALSE
	EndGlobalSection
	GlobalSection(NestedProjects) = preSolution
		{51C1C416-18C9-4A64-B542-A2E8B3299F61} = {48572F56-8E04-4095-B779-21D1BDA33D29}
	EndGlobalSection
	GlobalSection(TeamFoundationVersionControl) = preSolution
		SccNumberOfProjects = 12
		SccEnterpriseProvider = {4CA58AB2-18FA-4F8D-95D4-32DDF27D184C}
		SccTeamFoundationServer = http://mt8808-02:8080/
		SccLocalPath0 = .
		SccProjectUniqueName1 = CommonInterfaces\\CommonInterfaces.csproj
		SccProjectName1 = CommonInterfaces
		SccLocalPath1 = CommonInterfaces
		SccProjectUniqueName2 = CommonComponents\\CommonComponents.csproj
		SccProjectName2 = CommonComponents
		SccLocalPath2 = CommonComponents
		SccProjectUniqueName3 = TCHQ_Processor\\TCHQ_Processor.csproj
		SccProjectName3 = TCHQ_Processor
		SccLocalPath3 = TCHQ_Processor
		SccProjectUniqueName4 = GenTestHost\\GenTestHost.csproj
		SccProjectName4 = GenTestHost
		SccLocalPath4 = GenTestHost
		SccProjectUniqueName5 = CryptoInterfaces\\CryptoInterfaces.csproj
		SccProjectName5 = CryptoInterfaces
		SccLocalPath5 = CryptoInterfaces
		SccProjectUniqueName6 = RTSStructures\\RTSStructures.csproj
		SccProjectName6 = RTSStructures
		SccLocalPath6 = RTSStructures
		SccProjectUniqueName7 = CryptEngine\\CryptEngine.csproj
		SccProjectName7 = CryptEngine
		SccLocalPath7 = CryptEngine
		SccProjectUniqueName8 = FileListener\\FileListener.csproj
		SccProjectName8 = FileListener
		SccLocalPath8 = FileListener
		SccProjectUniqueName9 = KeyManager\\KeyManager.csproj
		SccProjectName9 = KeyManager
		SccLocalPath9 = KeyManager
		SccProjectUniqueName10 = TCHQHostService\\TCHQHostService.csproj
		SccProjectName10 = TCHQHostService
		SccLocalPath10 = TCHQHostService
		SccProjectUniqueName11 = SubscriberDBHelper\\SubscriberDBHelper.csproj
		SccProjectName11 = SubscriberDBHelper
		SccLocalPath11 = SubscriberDBHelper
	EndGlobalSection
EndGlobal
