Microsoft Visual Studio Solution File, Format Version 9.00
# Visual Studio 2005
Project("{54435603-DBB4-11D2-8724-00A0C9A8B90C}") = "ExternalAlertProcessor", "ExternalAlertProcessor\ExternalAlertProcessor.vdproj", "{7478DF6A-3D03-4D79-AB18-AA5C3B269DF5}"
EndProject
Project("{54435603-DBB4-11D2-8724-00A0C9A8B90C}") = "WSSTFileReceiver", "WSSTFileReceiver\WSSTFileReceiver.vdproj", "{1926C608-88BE-4536-9DF1-C15B62B69F5C}"
EndProject
Project("{54435603-DBB4-11D2-8724-00A0C9A8B90C}") = "WSSTProcessor", "WSSTProcessor\WSSTProcessor.vdproj", "{14553E36-C5EC-4F7E-BA1A-581EB05CBC6F}"
EndProject
Project("{54435603-DBB4-11D2-8724-00A0C9A8B90C}") = "InternalAlertProcessor", "InternalAlertProcessor\InternalAlertProcessor.vdproj", "{996A2187-D3DA-4D9C-AC5B-B35C2B59A23E}"
EndProject
Project("{54435603-DBB4-11D2-8724-00A0C9A8B90C}") = "TCHQ", "TCHQ\TCHQ.vdproj", "{2C66F965-3274-43EE-97CD-0164BF71CF6F}"
EndProject
Project("{54435603-DBB4-11D2-8724-00A0C9A8B90C}") = "WSCsccJobListener", "WSCsccJobListener\WSCsccJobListener.vdproj", "{6928CB4F-2DA8-4904-916B-FED5ED65D617}"
EndProject
Project("{54435603-DBB4-11D2-8724-00A0C9A8B90C}") = "WSCsccClient", "WSCsccClient\WSCsccClient.vdproj", "{A7E7EEC0-4D26-46BC-8B24-6AB3AFC7B8A6}"
EndProject
Project("{54435603-DBB4-11D2-8724-00A0C9A8B90C}") = "CryptoHost", "CryptoHost\CryptoHost.vdproj", "{7149EFDD-9CA8-4CCF-BE20-F8961C596F04}"
EndProject
Project("{54435603-DBB4-11D2-8724-00A0C9A8B90C}") = "AdminClient", "AdminClient\AdminClient.vdproj", "{EE927351-DB3E-4996-B102-EC2CA908B154}"
EndProject
Project("{54435603-DBB4-11D2-8724-00A0C9A8B90C}") = "TCHQ_WEB", "TCHQ_WEB\TCHQ_WEB.vdproj", "{857CF2EE-042A-439E-8903-154712456140}"
EndProject
Project("{54435603-DBB4-11D2-8724-00A0C9A8B90C}") = "WSST_WEB", "WSST_WEB\WSST_WEB.vdproj", "{36BA17E2-B62F-472A-886C-8E59224FF361}"
EndProject
Project("{54435603-DBB4-11D2-8724-00A0C9A8B90C}") = "WSREFileReceiver", "WSREFileReceiver\WSREFileReceiver.vdproj", "{CE2ACF0B-21D8-43E7-8FC6-E6FDAB131707}"
EndProject
Project("{54435603-DBB4-11D2-8724-00A0C9A8B90C}") = "WSRQ", "WSRQ\WSRQ.vdproj", "{851E8E6C-1609-4CCA-A4A9-FCDFC953CD3C}"
EndProject
Project("{54435603-DBB4-11D2-8724-00A0C9A8B90C}") = "WSREProcessor", "WSREProcessor\WSREProcessor.vdproj", "{546DD787-E5E0-4C97-BAB0-D74108EC9364}"
EndProject
Project("{54435603-DBB4-11D2-8724-00A0C9A8B90C}") = "WSRQ_WEB", "WSRQ_WEB\WSRQ_WEB.vdproj", "{02E0578B-DFFE-454E-AF37-875796EF6E3D}"
EndProject
Project("{54435603-DBB4-11D2-8724-00A0C9A8B90C}") = "WSRQNewRequest_Processor", "WSRQNewRequest_Processor\WSRQNewRequest_Processor.vdproj", "{4104A1AF-5184-4E41-9BDD-92E28EA92438}"
EndProject
Global
	GlobalSection(SolutionConfigurationPlatforms) = preSolution
		Debug|.NET = Debug|.NET
		Debug|Any CPU = Debug|Any CPU
		Release|.NET = Release|.NET
		Release|Any CPU = Release|Any CPU
	EndGlobalSection
	GlobalSection(ProjectConfigurationPlatforms) = postSolution
		{7478DF6A-3D03-4D79-AB18-AA5C3B269DF5}.Debug|.NET.ActiveCfg = Debug
		{7478DF6A-3D03-4D79-AB18-AA5C3B269DF5}.Debug|.NET.Build.0 = Debug
		{7478DF6A-3D03-4D79-AB18-AA5C3B269DF5}.Debug|Any CPU.ActiveCfg = Debug
		{7478DF6A-3D03-4D79-AB18-AA5C3B269DF5}.Debug|Any CPU.Build.0 = Debug
		{7478DF6A-3D03-4D79-AB18-AA5C3B269DF5}.Release|.NET.ActiveCfg = Release
		{7478DF6A-3D03-4D79-AB18-AA5C3B269DF5}.Release|.NET.Build.0 = Release
		{7478DF6A-3D03-4D79-AB18-AA5C3B269DF5}.Release|Any CPU.ActiveCfg = Release
		{7478DF6A-3D03-4D79-AB18-AA5C3B269DF5}.Release|Any CPU.Build.0 = Release
		{1926C608-88BE-4536-9DF1-C15B62B69F5C}.Debug|.NET.ActiveCfg = Debug
		{1926C608-88BE-4536-9DF1-C15B62B69F5C}.Debug|.NET.Build.0 = Debug
		{1926C608-88BE-4536-9DF1-C15B62B69F5C}.Debug|Any CPU.ActiveCfg = Debug
		{1926C608-88BE-4536-9DF1-C15B62B69F5C}.Debug|Any CPU.Build.0 = Debug
		{1926C608-88BE-4536-9DF1-C15B62B69F5C}.Release|.NET.ActiveCfg = Release
		{1926C608-88BE-4536-9DF1-C15B62B69F5C}.Release|.NET.Build.0 = Release
		{1926C608-88BE-4536-9DF1-C15B62B69F5C}.Release|Any CPU.ActiveCfg = Release
		{1926C608-88BE-4536-9DF1-C15B62B69F5C}.Release|Any CPU.Build.0 = Release
		{14553E36-C5EC-4F7E-BA1A-581EB05CBC6F}.Debug|.NET.ActiveCfg = Debug
		{14553E36-C5EC-4F7E-BA1A-581EB05CBC6F}.Debug|.NET.Build.0 = Debug
		{14553E36-C5EC-4F7E-BA1A-581EB05CBC6F}.Debug|Any CPU.ActiveCfg = Debug
		{14553E36-C5EC-4F7E-BA1A-581EB05CBC6F}.Debug|Any CPU.Build.0 = Debug
		{14553E36-C5EC-4F7E-BA1A-581EB05CBC6F}.Release|.NET.ActiveCfg = Release
		{14553E36-C5EC-4F7E-BA1A-581EB05CBC6F}.Release|.NET.Build.0 = Release
		{14553E36-C5EC-4F7E-BA1A-581EB05CBC6F}.Release|Any CPU.ActiveCfg = Release
		{14553E36-C5EC-4F7E-BA1A-581EB05CBC6F}.Release|Any CPU.Build.0 = Release
		{996A2187-D3DA-4D9C-AC5B-B35C2B59A23E}.Debug|.NET.ActiveCfg = Debug
		{996A2187-D3DA-4D9C-AC5B-B35C2B59A23E}.Debug|.NET.Build.0 = Debug
		{996A2187-D3DA-4D9C-AC5B-B35C2B59A23E}.Debug|Any CPU.ActiveCfg = Debug
		{996A2187-D3DA-4D9C-AC5B-B35C2B59A23E}.Debug|Any CPU.Build.0 = Debug
		{996A2187-D3DA-4D9C-AC5B-B35C2B59A23E}.Release|.NET.ActiveCfg = Release
		{996A2187-D3DA-4D9C-AC5B-B35C2B59A23E}.Release|.NET.Build.0 = Release
		{996A2187-D3DA-4D9C-AC5B-B35C2B59A23E}.Release|Any CPU.ActiveCfg = Release
		{996A2187-D3DA-4D9C-AC5B-B35C2B59A23E}.Release|Any CPU.Build.0 = Release
		{2C66F965-3274-43EE-97CD-0164BF71CF6F}.Debug|.NET.ActiveCfg = Debug
		{2C66F965-3274-43EE-97CD-0164BF71CF6F}.Debug|.NET.Build.0 = Debug
		{2C66F965-3274-43EE-97CD-0164BF71CF6F}.Debug|Any CPU.ActiveCfg = Debug
		{2C66F965-3274-43EE-97CD-0164BF71CF6F}.Debug|Any CPU.Build.0 = Debug
		{2C66F965-3274-43EE-97CD-0164BF71CF6F}.Release|.NET.ActiveCfg = Release
		{2C66F965-3274-43EE-97CD-0164BF71CF6F}.Release|.NET.Build.0 = Release
		{2C66F965-3274-43EE-97CD-0164BF71CF6F}.Release|Any CPU.ActiveCfg = Release
		{2C66F965-3274-43EE-97CD-0164BF71CF6F}.Release|Any CPU.Build.0 = Release
		{6928CB4F-2DA8-4904-916B-FED5ED65D617}.Debug|.NET.ActiveCfg = Debug
		{6928CB4F-2DA8-4904-916B-FED5ED65D617}.Debug|.NET.Build.0 = Debug
		{6928CB4F-2DA8-4904-916B-FED5ED65D617}.Debug|Any CPU.ActiveCfg = Debug
		{6928CB4F-2DA8-4904-916B-FED5ED65D617}.Debug|Any CPU.Build.0 = Debug
		{6928CB4F-2DA8-4904-916B-FED5ED65D617}.Release|.NET.ActiveCfg = Release
		{6928CB4F-2DA8-4904-916B-FED5ED65D617}.Release|.NET.Build.0 = Release
		{6928CB4F-2DA8-4904-916B-FED5ED65D617}.Release|Any CPU.ActiveCfg = Release
		{6928CB4F-2DA8-4904-916B-FED5ED65D617}.Release|Any CPU.Build.0 = Release
		{A7E7EEC0-4D26-46BC-8B24-6AB3AFC7B8A6}.Debug|.NET.ActiveCfg = Debug
		{A7E7EEC0-4D26-46BC-8B24-6AB3AFC7B8A6}.Debug|.NET.Build.0 = Debug
		{A7E7EEC0-4D26-46BC-8B24-6AB3AFC7B8A6}.Debug|Any CPU.ActiveCfg = Debug
		{A7E7EEC0-4D26-46BC-8B24-6AB3AFC7B8A6}.Debug|Any CPU.Build.0 = Debug
		{A7E7EEC0-4D26-46BC-8B24-6AB3AFC7B8A6}.Release|.NET.ActiveCfg = Release
		{A7E7EEC0-4D26-46BC-8B24-6AB3AFC7B8A6}.Release|.NET.Build.0 = Release
		{A7E7EEC0-4D26-46BC-8B24-6AB3AFC7B8A6}.Release|Any CPU.ActiveCfg = Release
		{A7E7EEC0-4D26-46BC-8B24-6AB3AFC7B8A6}.Release|Any CPU.Build.0 = Release
		{7149EFDD-9CA8-4CCF-BE20-F8961C596F04}.Debug|.NET.ActiveCfg = Debug
		{7149EFDD-9CA8-4CCF-BE20-F8961C596F04}.Debug|.NET.Build.0 = Debug
		{7149EFDD-9CA8-4CCF-BE20-F8961C596F04}.Debug|Any CPU.ActiveCfg = Debug
		{7149EFDD-9CA8-4CCF-BE20-F8961C596F04}.Debug|Any CPU.Build.0 = Debug
		{7149EFDD-9CA8-4CCF-BE20-F8961C596F04}.Release|.NET.ActiveCfg = Release
		{7149EFDD-9CA8-4CCF-BE20-F8961C596F04}.Release|.NET.Build.0 = Release
		{7149EFDD-9CA8-4CCF-BE20-F8961C596F04}.Release|Any CPU.ActiveCfg = Release
		{7149EFDD-9CA8-4CCF-BE20-F8961C596F04}.Release|Any CPU.Build.0 = Release
		{EE927351-DB3E-4996-B102-EC2CA908B154}.Debug|.NET.ActiveCfg = Debug
		{EE927351-DB3E-4996-B102-EC2CA908B154}.Debug|.NET.Build.0 = Debug
		{EE927351-DB3E-4996-B102-EC2CA908B154}.Debug|Any CPU.ActiveCfg = Debug
		{EE927351-DB3E-4996-B102-EC2CA908B154}.Debug|Any CPU.Build.0 = Debug
		{EE927351-DB3E-4996-B102-EC2CA908B154}.Release|.NET.ActiveCfg = Release
		{EE927351-DB3E-4996-B102-EC2CA908B154}.Release|.NET.Build.0 = Release
		{EE927351-DB3E-4996-B102-EC2CA908B154}.Release|Any CPU.ActiveCfg = Release
		{EE927351-DB3E-4996-B102-EC2CA908B154}.Release|Any CPU.Build.0 = Release
		{857CF2EE-042A-439E-8903-154712456140}.Debug|.NET.ActiveCfg = Debug
		{857CF2EE-042A-439E-8903-154712456140}.Debug|.NET.Build.0 = Debug
		{857CF2EE-042A-439E-8903-154712456140}.Debug|Any CPU.ActiveCfg = Debug
		{857CF2EE-042A-439E-8903-154712456140}.Debug|Any CPU.Build.0 = Debug
		{857CF2EE-042A-439E-8903-154712456140}.Release|.NET.ActiveCfg = Release
		{857CF2EE-042A-439E-8903-154712456140}.Release|.NET.Build.0 = Release
		{857CF2EE-042A-439E-8903-154712456140}.Release|Any CPU.ActiveCfg = Release
		{857CF2EE-042A-439E-8903-154712456140}.Release|Any CPU.Build.0 = Release
		{36BA17E2-B62F-472A-886C-8E59224FF361}.Debug|.NET.ActiveCfg = Debug
		{36BA17E2-B62F-472A-886C-8E59224FF361}.Debug|.NET.Build.0 = Debug
		{36BA17E2-B62F-472A-886C-8E59224FF361}.Debug|Any CPU.ActiveCfg = Debug
		{36BA17E2-B62F-472A-886C-8E59224FF361}.Debug|Any CPU.Build.0 = Debug
		{36BA17E2-B62F-472A-886C-8E59224FF361}.Release|.NET.ActiveCfg = Release
		{36BA17E2-B62F-472A-886C-8E59224FF361}.Release|.NET.Build.0 = Release
		{36BA17E2-B62F-472A-886C-8E59224FF361}.Release|Any CPU.ActiveCfg = Release
		{36BA17E2-B62F-472A-886C-8E59224FF361}.Release|Any CPU.Build.0 = Release
		{CE2ACF0B-21D8-43E7-8FC6-E6FDAB131707}.Debug|.NET.ActiveCfg = Debug
		{CE2ACF0B-21D8-43E7-8FC6-E6FDAB131707}.Debug|.NET.Build.0 = Debug
		{CE2ACF0B-21D8-43E7-8FC6-E6FDAB131707}.Debug|Any CPU.ActiveCfg = Debug
		{CE2ACF0B-21D8-43E7-8FC6-E6FDAB131707}.Debug|Any CPU.Build.0 = Debug
		{CE2ACF0B-21D8-43E7-8FC6-E6FDAB131707}.Release|.NET.ActiveCfg = Release
		{CE2ACF0B-21D8-43E7-8FC6-E6FDAB131707}.Release|.NET.Build.0 = Release
		{CE2ACF0B-21D8-43E7-8FC6-E6FDAB131707}.Release|Any CPU.ActiveCfg = Release
		{CE2ACF0B-21D8-43E7-8FC6-E6FDAB131707}.Release|Any CPU.Build.0 = Release
		{851E8E6C-1609-4CCA-A4A9-FCDFC953CD3C}.Debug|.NET.ActiveCfg = Debug
		{851E8E6C-1609-4CCA-A4A9-FCDFC953CD3C}.Debug|.NET.Build.0 = Debug
		{851E8E6C-1609-4CCA-A4A9-FCDFC953CD3C}.Debug|Any CPU.ActiveCfg = Debug
		{851E8E6C-1609-4CCA-A4A9-FCDFC953CD3C}.Debug|Any CPU.Build.0 = Debug
		{851E8E6C-1609-4CCA-A4A9-FCDFC953CD3C}.Release|.NET.ActiveCfg = Release
		{851E8E6C-1609-4CCA-A4A9-FCDFC953CD3C}.Release|.NET.Build.0 = Release
		{851E8E6C-1609-4CCA-A4A9-FCDFC953CD3C}.Release|Any CPU.ActiveCfg = Release
		{851E8E6C-1609-4CCA-A4A9-FCDFC953CD3C}.Release|Any CPU.Build.0 = Release
		{546DD787-E5E0-4C97-BAB0-D74108EC9364}.Debug|.NET.ActiveCfg = Debug
		{546DD787-E5E0-4C97-BAB0-D74108EC9364}.Debug|.NET.Build.0 = Debug
		{546DD787-E5E0-4C97-BAB0-D74108EC9364}.Debug|Any CPU.ActiveCfg = Debug
		{546DD787-E5E0-4C97-BAB0-D74108EC9364}.Debug|Any CPU.Build.0 = Debug
		{546DD787-E5E0-4C97-BAB0-D74108EC9364}.Release|.NET.ActiveCfg = Release
		{546DD787-E5E0-4C97-BAB0-D74108EC9364}.Release|.NET.Build.0 = Release
		{546DD787-E5E0-4C97-BAB0-D74108EC9364}.Release|Any CPU.ActiveCfg = Release
		{546DD787-E5E0-4C97-BAB0-D74108EC9364}.Release|Any CPU.Build.0 = Release
		{02E0578B-DFFE-454E-AF37-875796EF6E3D}.Debug|.NET.ActiveCfg = Debug
		{02E0578B-DFFE-454E-AF37-875796EF6E3D}.Debug|.NET.Build.0 = Debug
		{02E0578B-DFFE-454E-AF37-875796EF6E3D}.Debug|Any CPU.ActiveCfg = Debug
		{02E0578B-DFFE-454E-AF37-875796EF6E3D}.Release|.NET.ActiveCfg = Release
		{02E0578B-DFFE-454E-AF37-875796EF6E3D}.Release|Any CPU.ActiveCfg = Release
		{4104A1AF-5184-4E41-9BDD-92E28EA92438}.Debug|.NET.ActiveCfg = Debug
		{4104A1AF-5184-4E41-9BDD-92E28EA92438}.Debug|.NET.Build.0 = Debug
		{4104A1AF-5184-4E41-9BDD-92E28EA92438}.Debug|Any CPU.ActiveCfg = Debug
		{4104A1AF-5184-4E41-9BDD-92E28EA92438}.Release|.NET.ActiveCfg = Release
		{4104A1AF-5184-4E41-9BDD-92E28EA92438}.Release|Any CPU.ActiveCfg = Release
	EndGlobalSection
	GlobalSection(SolutionProperties) = preSolution
		HideSolutionNode = FALSE
	EndGlobalSection
EndGlobal
