Microsoft Visual Studio Solution File, Format Version 9.00
# Visual Studio 2005
Project("{FAE04EC0-301F-11D3-BF4B-00C04F79EFBC}") = "WSRE_WS", "WSRE_WS.csproj", "{1870B48B-956D-4840-BCE4-A2A057E98B91}"
	ProjectSection(WebsiteProperties) = preProject
		Debug.AspNetCompiler.Debug = "True"
		Release.AspNetCompiler.Debug = "False"
	EndProjectSection
EndProject
Global
	GlobalSection(SourceCodeControl) = preSolution
		SccNumberOfProjects = 2
		SccLocalPath0 = .
		SccProjectUniqueName1 = WSRE_WS.csproj
		SccLocalPath1 = .
	EndGlobalSection
	GlobalSection(SolutionConfigurationPlatforms) = preSolution
		Debug|Any CPU = Debug|Any CPU
		Release|Any CPU = Release|Any CPU
	EndGlobalSection
	GlobalSection(ProjectConfigurationPlatforms) = postSolution
		{1870B48B-956D-4840-BCE4-A2A057E98B91}.Debug|Any CPU.ActiveCfg = Debug|Any CPU
		{1870B48B-956D-4840-BCE4-A2A057E98B91}.Debug|Any CPU.Build.0 = Debug|Any CPU
		{1870B48B-956D-4840-BCE4-A2A057E98B91}.Release|Any CPU.ActiveCfg = Release|Any CPU
		{1870B48B-956D-4840-BCE4-A2A057E98B91}.Release|Any CPU.Build.0 = Release|Any CPU
	EndGlobalSection
	GlobalSection(SolutionProperties) = preSolution
		HideSolutionNode = FALSE
	EndGlobalSection
EndGlobal
