
Microsoft Visual Studio Solution File, Format Version 10.00
# Visual Studio 2008
Project("{2150E333-8FDC-42A3-9474-1A3956D46DE8}") = "WSTCHQ_BE", "WSTCHQ_BE", "{EA36A697-2064-4AAA-BF17-CB3A23ADB37A}"
EndProject
Project("{FAE04EC0-301F-11D3-BF4B-00C04F79EFBC}") = "WSRQNewRequest_ProcessorHostService", "WSRQNewRequest_ProcessorHostService\WSRQNewRequest_ProcessorHostService.csproj", "{785E5239-95E1-40F4-9188-F44F3C09FA92}"
EndProject
Project("{FAE04EC0-301F-11D3-BF4B-00C04F79EFBC}") = "WSRQ_QueryProcessor", "WSRQ_QueryProcessor\WSRQ_QueryProcessor.csproj", "{680745F6-7FEC-4B6A-ACD4-926352C6648D}"
EndProject
Project("{FAE04EC0-301F-11D3-BF4B-00C04F79EFBC}") = "WSRQHostService", "WSRQHostService\WSRQHostService.csproj", "{F6CC03DA-39B0-48FD-B39A-52BA58687912}"
EndProject
Project("{FAE04EC0-301F-11D3-BF4B-00C04F79EFBC}") = "CommonComponents", "..\WSTCHQ_BE\CommonComponents\CommonComponents.csproj", "{7786779D-6B79-4A51-A03E-2497DCFE2025}"
EndProject
Project("{FAE04EC0-301F-11D3-BF4B-00C04F79EFBC}") = "CommonInterfaces", "..\WSTCHQ_BE\CommonInterfaces\CommonInterfaces.csproj", "{B3FC887C-77F3-4347-B5C9-07C0172F5DEB}"
EndProject
Project("{FAE04EC0-301F-11D3-BF4B-00C04F79EFBC}") = "CryptoInterfaces", "..\WSTCHQ_BE\CryptoInterfaces\CryptoInterfaces.csproj", "{06D4C54B-A25A-4684-BC6C-192CEB970170}"
EndProject
Project("{FAE04EC0-301F-11D3-BF4B-00C04F79EFBC}") = "KeyManager", "..\WSTCHQ_BE\KeyManager\KeyManager.csproj", "{5E093F16-E114-49BD-B1A8-C24036F3F328}"
EndProject
Project("{FAE04EC0-301F-11D3-BF4B-00C04F79EFBC}") = "RTSStructures", "..\WSTCHQ_BE\RTSStructures\RTSStructures.csproj", "{BBF126D5-CA34-4786-A61D-0B426EC0677B}"
EndProject
Project("{FAE04EC0-301F-11D3-BF4B-00C04F79EFBC}") = "SubscriberDBHelper", "..\WSTCHQ_BE\SubscriberDBHelper\SubscriberDBHelper.csproj", "{2CFCD16E-4CFB-479B-BD8E-53FA95A3BD59}"
EndProject
Project("{FAE04EC0-301F-11D3-BF4B-00C04F79EFBC}") = "FileListener", "..\WSTCHQ_BE\FileListener\FileListener.csproj", "{5489F565-7459-44B1-926C-B6B69655C8BC}"
EndProject
Project("{FAE04EC0-301F-11D3-BF4B-00C04F79EFBC}") = "WSRQNewRequest_Processor", "WSRQNewRequest_Processor\WSRQNewRequest_Processor.csproj", "{CBAE1418-58D5-4944-9E43-57D5F75020D2}"
EndProject
Project("{2150E333-8FDC-42A3-9474-1A3956D46DE8}") = "Common", "Common", "{E485B28D-33F0-4897-BD8C-266488ABE4BA}"
EndProject
Project("{FAE04EC0-301F-11D3-BF4B-00C04F79EFBC}") = "IRU.RTS.Common", "..\Common\IRU.RTS.Common\IRU.RTS.Common.csproj", "{51C1C416-18C9-4A64-B542-A2E8B3299F61}"
EndProject
Global
	GlobalSection(SolutionConfigurationPlatforms) = preSolution
		Debug|Any CPU = Debug|Any CPU
		Release|Any CPU = Release|Any CPU
	EndGlobalSection
	GlobalSection(ProjectConfigurationPlatforms) = postSolution
		{785E5239-95E1-40F4-9188-F44F3C09FA92}.Debug|Any CPU.ActiveCfg = Debug|Any CPU
		{785E5239-95E1-40F4-9188-F44F3C09FA92}.Debug|Any CPU.Build.0 = Debug|Any CPU
		{785E5239-95E1-40F4-9188-F44F3C09FA92}.Release|Any CPU.ActiveCfg = Release|Any CPU
		{785E5239-95E1-40F4-9188-F44F3C09FA92}.Release|Any CPU.Build.0 = Release|Any CPU
		{680745F6-7FEC-4B6A-ACD4-926352C6648D}.Debug|Any CPU.ActiveCfg = Debug|Any CPU
		{680745F6-7FEC-4B6A-ACD4-926352C6648D}.Debug|Any CPU.Build.0 = Debug|Any CPU
		{680745F6-7FEC-4B6A-ACD4-926352C6648D}.Release|Any CPU.ActiveCfg = Release|Any CPU
		{680745F6-7FEC-4B6A-ACD4-926352C6648D}.Release|Any CPU.Build.0 = Release|Any CPU
		{F6CC03DA-39B0-48FD-B39A-52BA58687912}.Debug|Any CPU.ActiveCfg = Debug|Any CPU
		{F6CC03DA-39B0-48FD-B39A-52BA58687912}.Debug|Any CPU.Build.0 = Debug|Any CPU
		{F6CC03DA-39B0-48FD-B39A-52BA58687912}.Release|Any CPU.ActiveCfg = Release|Any CPU
		{F6CC03DA-39B0-48FD-B39A-52BA58687912}.Release|Any CPU.Build.0 = Release|Any CPU
		{7786779D-6B79-4A51-A03E-2497DCFE2025}.Debug|Any CPU.ActiveCfg = Debug|Any CPU
		{7786779D-6B79-4A51-A03E-2497DCFE2025}.Debug|Any CPU.Build.0 = Debug|Any CPU
		{7786779D-6B79-4A51-A03E-2497DCFE2025}.Release|Any CPU.ActiveCfg = Release|Any CPU
		{7786779D-6B79-4A51-A03E-2497DCFE2025}.Release|Any CPU.Build.0 = Release|Any CPU
		{B3FC887C-77F3-4347-B5C9-07C0172F5DEB}.Debug|Any CPU.ActiveCfg = Debug|Any CPU
		{B3FC887C-77F3-4347-B5C9-07C0172F5DEB}.Debug|Any CPU.Build.0 = Debug|Any CPU
		{B3FC887C-77F3-4347-B5C9-07C0172F5DEB}.Release|Any CPU.ActiveCfg = Release|Any CPU
		{B3FC887C-77F3-4347-B5C9-07C0172F5DEB}.Release|Any CPU.Build.0 = Release|Any CPU
		{06D4C54B-A25A-4684-BC6C-192CEB970170}.Debug|Any CPU.ActiveCfg = Debug|Any CPU
		{06D4C54B-A25A-4684-BC6C-192CEB970170}.Debug|Any CPU.Build.0 = Debug|Any CPU
		{06D4C54B-A25A-4684-BC6C-192CEB970170}.Release|Any CPU.ActiveCfg = Release|Any CPU
		{06D4C54B-A25A-4684-BC6C-192CEB970170}.Release|Any CPU.Build.0 = Release|Any CPU
		{5E093F16-E114-49BD-B1A8-C24036F3F328}.Debug|Any CPU.ActiveCfg = Debug|Any CPU
		{5E093F16-E114-49BD-B1A8-C24036F3F328}.Debug|Any CPU.Build.0 = Debug|Any CPU
		{5E093F16-E114-49BD-B1A8-C24036F3F328}.Release|Any CPU.ActiveCfg = Release|Any CPU
		{5E093F16-E114-49BD-B1A8-C24036F3F328}.Release|Any CPU.Build.0 = Release|Any CPU
		{BBF126D5-CA34-4786-A61D-0B426EC0677B}.Debug|Any CPU.ActiveCfg = Debug|Any CPU
		{BBF126D5-CA34-4786-A61D-0B426EC0677B}.Debug|Any CPU.Build.0 = Debug|Any CPU
		{BBF126D5-CA34-4786-A61D-0B426EC0677B}.Release|Any CPU.ActiveCfg = Release|Any CPU
		{BBF126D5-CA34-4786-A61D-0B426EC0677B}.Release|Any CPU.Build.0 = Release|Any CPU
		{2CFCD16E-4CFB-479B-BD8E-53FA95A3BD59}.Debug|Any CPU.ActiveCfg = Debug|Any CPU
		{2CFCD16E-4CFB-479B-BD8E-53FA95A3BD59}.Debug|Any CPU.Build.0 = Debug|Any CPU
		{2CFCD16E-4CFB-479B-BD8E-53FA95A3BD59}.Release|Any CPU.ActiveCfg = Release|Any CPU
		{2CFCD16E-4CFB-479B-BD8E-53FA95A3BD59}.Release|Any CPU.Build.0 = Release|Any CPU
		{5489F565-7459-44B1-926C-B6B69655C8BC}.Debug|Any CPU.ActiveCfg = Debug|Any CPU
		{5489F565-7459-44B1-926C-B6B69655C8BC}.Debug|Any CPU.Build.0 = Debug|Any CPU
		{5489F565-7459-44B1-926C-B6B69655C8BC}.Release|Any CPU.ActiveCfg = Release|Any CPU
		{5489F565-7459-44B1-926C-B6B69655C8BC}.Release|Any CPU.Build.0 = Release|Any CPU
		{CBAE1418-58D5-4944-9E43-57D5F75020D2}.Debug|Any CPU.ActiveCfg = Debug|Any CPU
		{CBAE1418-58D5-4944-9E43-57D5F75020D2}.Debug|Any CPU.Build.0 = Debug|Any CPU
		{CBAE1418-58D5-4944-9E43-57D5F75020D2}.Release|Any CPU.ActiveCfg = Release|Any CPU
		{CBAE1418-58D5-4944-9E43-57D5F75020D2}.Release|Any CPU.Build.0 = Release|Any CPU
		{51C1C416-18C9-4A64-B542-A2E8B3299F61}.Debug|Any CPU.ActiveCfg = Debug|Any CPU
		{51C1C416-18C9-4A64-B542-A2E8B3299F61}.Debug|Any CPU.Build.0 = Debug|Any CPU
		{51C1C416-18C9-4A64-B542-A2E8B3299F61}.Release|Any CPU.ActiveCfg = Release|Any CPU
		{51C1C416-18C9-4A64-B542-A2E8B3299F61}.Release|Any CPU.Build.0 = Release|Any CPU
	EndGlobalSection
	GlobalSection(SolutionProperties) = preSolution
		HideSolutionNode = FALSE
	EndGlobalSection
	GlobalSection(NestedProjects) = preSolution
		{7786779D-6B79-4A51-A03E-2497DCFE2025} = {EA36A697-2064-4AAA-BF17-CB3A23ADB37A}
		{B3FC887C-77F3-4347-B5C9-07C0172F5DEB} = {EA36A697-2064-4AAA-BF17-CB3A23ADB37A}
		{06D4C54B-A25A-4684-BC6C-192CEB970170} = {EA36A697-2064-4AAA-BF17-CB3A23ADB37A}
		{5E093F16-E114-49BD-B1A8-C24036F3F328} = {EA36A697-2064-4AAA-BF17-CB3A23ADB37A}
		{BBF126D5-CA34-4786-A61D-0B426EC0677B} = {EA36A697-2064-4AAA-BF17-CB3A23ADB37A}
		{2CFCD16E-4CFB-479B-BD8E-53FA95A3BD59} = {EA36A697-2064-4AAA-BF17-CB3A23ADB37A}
		{5489F565-7459-44B1-926C-B6B69655C8BC} = {EA36A697-2064-4AAA-BF17-CB3A23ADB37A}
		{51C1C416-18C9-4A64-B542-A2E8B3299F61} = {E485B28D-33F0-4897-BD8C-266488ABE4BA}
	EndGlobalSection
EndGlobal
