
Microsoft Visual Studio Solution File, Format Version 10.00
# Visual Studio 2008
Project("{FAE04EC0-301F-11D3-BF4B-00C04F79EFBC}") = "IRU.RTS.WS.TerminationService.Interface", "IRU.RTS.WS.TerminationService.Interface\IRU.RTS.WS.TerminationService.Interface.csproj", "{172F5E95-92E5-4909-B831-2E950083098C}"
EndProject
Project("{2150E333-8FDC-42A3-9474-1A3956D46DE8}") = "TerminationService", "TerminationService", "{423E74A9-F0D7-40FC-9C1D-1B717F5A5F23}"
EndProject
Project("{FAE04EC0-301F-11D3-BF4B-00C04F79EFBC}") = "IRU.RTS.WS.TerminationService.Implementation", "IRU.RTS.WS.TerminationService.Implementation\IRU.RTS.WS.TerminationService.Implementation.csproj", "{3CACD06A-DAFB-4362-A0E8-D7EAC734FACD}"
EndProject
Project("{FAE04EC0-301F-11D3-BF4B-00C04F79EFBC}") = "IRU.RTS.WS.Common.Subscribers", "..\Common\IRU.RTS.WS.Common.Subscribers\IRU.RTS.WS.Common.Subscribers.csproj", "{6C841C89-04EA-4A9E-BCBE-E3DA82379C52}"
EndProject
Project("{FAE04EC0-301F-11D3-BF4B-00C04F79EFBC}") = "IRU.RTS.WS.Common.Data.WsSubscriber", "..\Common\IRU.RTS.WS.Common.Data.WsSubscriber\IRU.RTS.WS.Common.Data.WsSubscriber.csproj", "{7366225C-600D-4630-8251-62AA676DF881}"
EndProject
Project("{2150E333-8FDC-42A3-9474-1A3956D46DE8}") = "Common", "Common", "{D8545D4B-42A8-4978-8CB9-EF9FEC453774}"
EndProject
Project("{FAE04EC0-301F-11D3-BF4B-00C04F79EFBC}") = "IRU.RTS.WS.Common.Logging", "..\Common\IRU.RTS.WS.Common.Logging\IRU.RTS.WS.Common.Logging.csproj", "{C9CA3812-A4AC-4E28-8E39-F0E729E657A7}"
EndProject
Project("{FAE04EC0-301F-11D3-BF4B-00C04F79EFBC}") = "IRU.RTS.WS.Common.Data.RTSPlusLog", "..\Common\IRU.RTS.WS.Common.Data.RTSPlusLog\IRU.RTS.WS.Common.Data.RTSPlusLog.csproj", "{D8B88736-7128-4954-9C7A-111A04F7E9F1}"
EndProject
Project("{FAE04EC0-301F-11D3-BF4B-00C04F79EFBC}") = "IRU.RTS.WS.Common.Security.RTSPlus", "..\Common\IRU.RTS.WS.Common.Security.RTSPlus\IRU.RTS.WS.Common.Security.RTSPlus.csproj", "{F7AB4C76-95BC-4E0B-9A33-E2585D925E0F}"
EndProject
Global
	GlobalSection(SolutionConfigurationPlatforms) = preSolution
		Debug|Any CPU = Debug|Any CPU
		Release|Any CPU = Release|Any CPU
	EndGlobalSection
	GlobalSection(ProjectConfigurationPlatforms) = postSolution
		{172F5E95-92E5-4909-B831-2E950083098C}.Debug|Any CPU.ActiveCfg = Debug|Any CPU
		{172F5E95-92E5-4909-B831-2E950083098C}.Debug|Any CPU.Build.0 = Debug|Any CPU
		{172F5E95-92E5-4909-B831-2E950083098C}.Release|Any CPU.ActiveCfg = Release|Any CPU
		{172F5E95-92E5-4909-B831-2E950083098C}.Release|Any CPU.Build.0 = Release|Any CPU
		{3CACD06A-DAFB-4362-A0E8-D7EAC734FACD}.Debug|Any CPU.ActiveCfg = Debug|Any CPU
		{3CACD06A-DAFB-4362-A0E8-D7EAC734FACD}.Debug|Any CPU.Build.0 = Debug|Any CPU
		{3CACD06A-DAFB-4362-A0E8-D7EAC734FACD}.Release|Any CPU.ActiveCfg = Release|Any CPU
		{3CACD06A-DAFB-4362-A0E8-D7EAC734FACD}.Release|Any CPU.Build.0 = Release|Any CPU
		{6C841C89-04EA-4A9E-BCBE-E3DA82379C52}.Debug|Any CPU.ActiveCfg = Debug|Any CPU
		{6C841C89-04EA-4A9E-BCBE-E3DA82379C52}.Debug|Any CPU.Build.0 = Debug|Any CPU
		{6C841C89-04EA-4A9E-BCBE-E3DA82379C52}.Release|Any CPU.ActiveCfg = Release|Any CPU
		{6C841C89-04EA-4A9E-BCBE-E3DA82379C52}.Release|Any CPU.Build.0 = Release|Any CPU
		{7366225C-600D-4630-8251-62AA676DF881}.Debug|Any CPU.ActiveCfg = Debug|Any CPU
		{7366225C-600D-4630-8251-62AA676DF881}.Debug|Any CPU.Build.0 = Debug|Any CPU
		{7366225C-600D-4630-8251-62AA676DF881}.Release|Any CPU.ActiveCfg = Release|Any CPU
		{7366225C-600D-4630-8251-62AA676DF881}.Release|Any CPU.Build.0 = Release|Any CPU
		{C9CA3812-A4AC-4E28-8E39-F0E729E657A7}.Debug|Any CPU.ActiveCfg = Debug|Any CPU
		{C9CA3812-A4AC-4E28-8E39-F0E729E657A7}.Debug|Any CPU.Build.0 = Debug|Any CPU
		{C9CA3812-A4AC-4E28-8E39-F0E729E657A7}.Release|Any CPU.ActiveCfg = Release|Any CPU
		{C9CA3812-A4AC-4E28-8E39-F0E729E657A7}.Release|Any CPU.Build.0 = Release|Any CPU
		{D8B88736-7128-4954-9C7A-111A04F7E9F1}.Debug|Any CPU.ActiveCfg = Debug|Any CPU
		{D8B88736-7128-4954-9C7A-111A04F7E9F1}.Debug|Any CPU.Build.0 = Debug|Any CPU
		{D8B88736-7128-4954-9C7A-111A04F7E9F1}.Release|Any CPU.ActiveCfg = Release|Any CPU
		{D8B88736-7128-4954-9C7A-111A04F7E9F1}.Release|Any CPU.Build.0 = Release|Any CPU
		{F7AB4C76-95BC-4E0B-9A33-E2585D925E0F}.Debug|Any CPU.ActiveCfg = Debug|Any CPU
		{F7AB4C76-95BC-4E0B-9A33-E2585D925E0F}.Debug|Any CPU.Build.0 = Debug|Any CPU
		{F7AB4C76-95BC-4E0B-9A33-E2585D925E0F}.Release|Any CPU.ActiveCfg = Release|Any CPU
		{F7AB4C76-95BC-4E0B-9A33-E2585D925E0F}.Release|Any CPU.Build.0 = Release|Any CPU
	EndGlobalSection
	GlobalSection(SolutionProperties) = preSolution
		HideSolutionNode = FALSE
	EndGlobalSection
	GlobalSection(NestedProjects) = preSolution
		{172F5E95-92E5-4909-B831-2E950083098C} = {423E74A9-F0D7-40FC-9C1D-1B717F5A5F23}
		{3CACD06A-DAFB-4362-A0E8-D7EAC734FACD} = {423E74A9-F0D7-40FC-9C1D-1B717F5A5F23}
		{7366225C-600D-4630-8251-62AA676DF881} = {D8545D4B-42A8-4978-8CB9-EF9FEC453774}
		{6C841C89-04EA-4A9E-BCBE-E3DA82379C52} = {D8545D4B-42A8-4978-8CB9-EF9FEC453774}
		{C9CA3812-A4AC-4E28-8E39-F0E729E657A7} = {D8545D4B-42A8-4978-8CB9-EF9FEC453774}
		{D8B88736-7128-4954-9C7A-111A04F7E9F1} = {D8545D4B-42A8-4978-8CB9-EF9FEC453774}
		{F7AB4C76-95BC-4E0B-9A33-E2585D925E0F} = {D8545D4B-42A8-4978-8CB9-EF9FEC453774}
	EndGlobalSection
EndGlobal
