Microsoft Visual Studio Solution File, Format Version 9.00
# Visual Studio 2005
Project("{E24C65DC-7377-472B-9ABA-BC803B73C61A}") = "C:\...\WSRE_WS\", ".", "{3647FD64-225C-4B42-9478-42E5A0961F56}"
	ProjectSection(WebsiteProperties) = preProject
		Debug.AspNetCompiler.VirtualPath = "/WSRE_WS"
		Debug.AspNetCompiler.PhysicalPath = "..\WSRE_WS\"
		Debug.AspNetCompiler.TargetPath = "..\..\RTS\WSRE_WS\"
		Debug.AspNetCompiler.Updateable = "true"
		Debug.AspNetCompiler.ForceOverwrite = "true"
		Debug.AspNetCompiler.FixedNames = "false"
		Debug.AspNetCompiler.Debug = "True"
		Release.AspNetCompiler.VirtualPath = "/WSRE_WS"
		Release.AspNetCompiler.PhysicalPath = "..\WSRE_WS\"
		Release.AspNetCompiler.TargetPath = "..\..\RTS\WSRE_WS\"
		Release.AspNetCompiler.Updateable = "true"
		Release.AspNetCompiler.ForceOverwrite = "true"
		Release.AspNetCompiler.FixedNames = "false"
		Release.AspNetCompiler.Debug = "False"
		VWDPort = "1613"
	EndProjectSection
EndProject
Global
	GlobalSection(SolutionConfigurationPlatforms) = preSolution
		Debug|.NET = Debug|.NET
	EndGlobalSection
	GlobalSection(ProjectConfigurationPlatforms) = postSolution
		{3647FD64-225C-4B42-9478-42E5A0961F56}.Debug|.NET.ActiveCfg = Debug|.NET
		{3647FD64-225C-4B42-9478-42E5A0961F56}.Debug|.NET.Build.0 = Debug|.NET
	EndGlobalSection
	GlobalSection(SolutionProperties) = preSolution
		HideSolutionNode = FALSE
	EndGlobalSection
EndGlobal
