Microsoft Visual Studio Solution File, Format Version 10.00
# Visual Studio 2008
Project("{FAE04EC0-301F-11D3-BF4B-00C04F79EFBC}") = "ConfigEditorUI", "ConfigEditorUI\ConfigEditorUI.csproj", "{719CD8EA-717F-46E6-9BB3-7781883D2175}"
EndProject
Project("{FAE04EC0-301F-11D3-BF4B-00C04F79EFBC}") = "PluginConfigCtl", "PluginConfigCtl\PluginConfigCtl.csproj", "{0C1F48D3-75D2-4929-8690-678208275367}"
EndProject
Project("{FAE04EC0-301F-11D3-BF4B-00C04F79EFBC}") = "AppConfChangeCustomAction", "AppConfChangeCustomAction\AppConfChangeCustomAction.csproj", "{0AE76D65-A29E-45A3-A740-B17A60FC60C6}"
EndProject
Project("{FAE04EC0-301F-11D3-BF4B-00C04F79EFBC}") = "PluginConfigCustomAction", "ServiceCustomAction\PluginConfigCustomAction.csproj", "{AC0F2E03-0F4D-4626-8B67-559EEBC3B79C}"
EndProject
Project("{FAE04EC0-301F-11D3-BF4B-00C04F79EFBC}") = "RTSSetup", "RTSSetup\RTSSetup.csproj", "{23D4C583-D23B-42A7-951E-6A26CAD7649F}"
EndProject
Project("{FAE04EC0-301F-11D3-BF4B-00C04F79EFBC}") = "ConfAppSettingsChangeCustomAction", "ConfAppSettingsChangeCustomAction\ConfAppSettingsChangeCustomAction.csproj", "{CA50D0E2-F1E6-4E9D-80F3-3F0FC4D5C501}"
EndProject
Global
	GlobalSection(SolutionConfigurationPlatforms) = preSolution
		Debug|Any CPU = Debug|Any CPU
		Release|Any CPU = Release|Any CPU
	EndGlobalSection
	GlobalSection(ProjectConfigurationPlatforms) = postSolution
		{719CD8EA-717F-46E6-9BB3-7781883D2175}.Debug|Any CPU.ActiveCfg = Debug|Any CPU
		{719CD8EA-717F-46E6-9BB3-7781883D2175}.Debug|Any CPU.Build.0 = Debug|Any CPU
		{719CD8EA-717F-46E6-9BB3-7781883D2175}.Release|Any CPU.ActiveCfg = Release|Any CPU
		{719CD8EA-717F-46E6-9BB3-7781883D2175}.Release|Any CPU.Build.0 = Release|Any CPU
		{0C1F48D3-75D2-4929-8690-678208275367}.Debug|Any CPU.ActiveCfg = Debug|Any CPU
		{0C1F48D3-75D2-4929-8690-678208275367}.Debug|Any CPU.Build.0 = Debug|Any CPU
		{0C1F48D3-75D2-4929-8690-678208275367}.Release|Any CPU.ActiveCfg = Release|Any CPU
		{0C1F48D3-75D2-4929-8690-678208275367}.Release|Any CPU.Build.0 = Release|Any CPU
		{0AE76D65-A29E-45A3-A740-B17A60FC60C6}.Debug|Any CPU.ActiveCfg = Debug|Any CPU
		{0AE76D65-A29E-45A3-A740-B17A60FC60C6}.Debug|Any CPU.Build.0 = Debug|Any CPU
		{0AE76D65-A29E-45A3-A740-B17A60FC60C6}.Release|Any CPU.ActiveCfg = Release|Any CPU
		{0AE76D65-A29E-45A3-A740-B17A60FC60C6}.Release|Any CPU.Build.0 = Release|Any CPU
		{AC0F2E03-0F4D-4626-8B67-559EEBC3B79C}.Debug|Any CPU.ActiveCfg = Debug|Any CPU
		{AC0F2E03-0F4D-4626-8B67-559EEBC3B79C}.Debug|Any CPU.Build.0 = Debug|Any CPU
		{AC0F2E03-0F4D-4626-8B67-559EEBC3B79C}.Release|Any CPU.ActiveCfg = Release|Any CPU
		{AC0F2E03-0F4D-4626-8B67-559EEBC3B79C}.Release|Any CPU.Build.0 = Release|Any CPU
		{23D4C583-D23B-42A7-951E-6A26CAD7649F}.Debug|Any CPU.ActiveCfg = Debug|Any CPU
		{23D4C583-D23B-42A7-951E-6A26CAD7649F}.Debug|Any CPU.Build.0 = Debug|Any CPU
		{23D4C583-D23B-42A7-951E-6A26CAD7649F}.Release|Any CPU.ActiveCfg = Release|Any CPU
		{23D4C583-D23B-42A7-951E-6A26CAD7649F}.Release|Any CPU.Build.0 = Release|Any CPU
		{CA50D0E2-F1E6-4E9D-80F3-3F0FC4D5C501}.Debug|Any CPU.ActiveCfg = Debug|Any CPU
		{CA50D0E2-F1E6-4E9D-80F3-3F0FC4D5C501}.Debug|Any CPU.Build.0 = Debug|Any CPU
		{CA50D0E2-F1E6-4E9D-80F3-3F0FC4D5C501}.Release|Any CPU.ActiveCfg = Release|Any CPU
		{CA50D0E2-F1E6-4E9D-80F3-3F0FC4D5C501}.Release|Any CPU.Build.0 = Release|Any CPU
	EndGlobalSection
	GlobalSection(SolutionProperties) = preSolution
		HideSolutionNode = FALSE
	EndGlobalSection
EndGlobal
