
Microsoft Visual Studio Solution File, Format Version 9.00
# Visual Studio 2005
Project("{FAE04EC0-301F-11D3-BF4B-00C04F79EFBC}") = "TIREPDG2BReceiver", "TIREPDG2BReceiver\TIREPDG2BReceiver.csproj", "{BF83D7D8-AB24-435D-A6EF-66C4C79BDB33}"
EndProject
Project("{FAE04EC0-301F-11D3-BF4B-00C04F79EFBC}") = "TIREPDInterfaces", "TIREPDInterfaces\TIREPDInterfaces.csproj", "{8D660BE3-CF1F-4831-822C-ABE38DEAD90C}"
EndProject
Project("{FAE04EC0-301F-11D3-BF4B-00C04F79EFBC}") = "TIREDPG2BRecvrHostService", "TIREDPG2BRecvrHostService\TIREDPG2BRecvrHostService.csproj", "{9C9DD04E-A604-4655-A9EC-9F630F2C0902}"
EndProject
Project("{54435603-DBB4-11D2-8724-00A0C9A8B90C}") = "TIREPDG2BHostServiceReceiverSetup", "TIREPDG2BHostServiceReceiverSetup\TIREPDG2BHostServiceReceiverSetup.vdproj", "{A91B9D9D-7A5C-4968-8C03-2C4689453CA9}"
EndProject
Project("{2150E333-8FDC-42A3-9474-1A3956D46DE8}") = "WSTCHQ_BE", "WSTCHQ_BE", "{7A4B90C4-B295-41B4-9A8E-B77084BB4179}"
EndProject
Project("{FAE04EC0-301F-11D3-BF4B-00C04F79EFBC}") = "CryptEngine", "..\WSTCHQ_BE\CryptEngine\CryptEngine.csproj", "{DAD79E22-2139-4ECB-827E-8F7FB871F5D1}"
EndProject
Project("{FAE04EC0-301F-11D3-BF4B-00C04F79EFBC}") = "KeyManager", "..\WSTCHQ_BE\KeyManager\KeyManager.csproj", "{5E093F16-E114-49BD-B1A8-C24036F3F328}"
EndProject
Project("{FAE04EC0-301F-11D3-BF4B-00C04F79EFBC}") = "CommonInterfaces", "..\WSTCHQ_BE\CommonInterfaces\CommonInterfaces.csproj", "{B3FC887C-77F3-4347-B5C9-07C0172F5DEB}"
EndProject
Project("{FAE04EC0-301F-11D3-BF4B-00C04F79EFBC}") = "CryptoInterfaces", "..\WSTCHQ_BE\CryptoInterfaces\CryptoInterfaces.csproj", "{06D4C54B-A25A-4684-BC6C-192CEB970170}"
EndProject
Project("{FAE04EC0-301F-11D3-BF4B-00C04F79EFBC}") = "CommonComponents", "..\WSTCHQ_BE\CommonComponents\CommonComponents.csproj", "{7786779D-6B79-4A51-A03E-2497DCFE2025}"
EndProject
Project("{FAE04EC0-301F-11D3-BF4B-00C04F79EFBC}") = "RTSStructures", "..\WSTCHQ_BE\RTSStructures\RTSStructures.csproj", "{BBF126D5-CA34-4786-A61D-0B426EC0677B}"
EndProject
Project("{FAE04EC0-301F-11D3-BF4B-00C04F79EFBC}") = "SubscriberDBHelper", "..\WSTCHQ_BE\SubscriberDBHelper\SubscriberDBHelper.csproj", "{2CFCD16E-4CFB-479B-BD8E-53FA95A3BD59}"
EndProject
Global
	GlobalSection(SolutionConfigurationPlatforms) = preSolution
		Debug|Any CPU = Debug|Any CPU
		Release|Any CPU = Release|Any CPU
	EndGlobalSection
	GlobalSection(ProjectConfigurationPlatforms) = postSolution
		{BF83D7D8-AB24-435D-A6EF-66C4C79BDB33}.Debug|Any CPU.ActiveCfg = Release|Any CPU
		{BF83D7D8-AB24-435D-A6EF-66C4C79BDB33}.Debug|Any CPU.Build.0 = Release|Any CPU
		{BF83D7D8-AB24-435D-A6EF-66C4C79BDB33}.Release|Any CPU.ActiveCfg = Release|Any CPU
		{BF83D7D8-AB24-435D-A6EF-66C4C79BDB33}.Release|Any CPU.Build.0 = Release|Any CPU
		{8D660BE3-CF1F-4831-822C-ABE38DEAD90C}.Debug|Any CPU.ActiveCfg = Release|Any CPU
		{8D660BE3-CF1F-4831-822C-ABE38DEAD90C}.Debug|Any CPU.Build.0 = Release|Any CPU
		{8D660BE3-CF1F-4831-822C-ABE38DEAD90C}.Release|Any CPU.ActiveCfg = Release|Any CPU
		{8D660BE3-CF1F-4831-822C-ABE38DEAD90C}.Release|Any CPU.Build.0 = Release|Any CPU
		{9C9DD04E-A604-4655-A9EC-9F630F2C0902}.Debug|Any CPU.ActiveCfg = Release|Any CPU
		{9C9DD04E-A604-4655-A9EC-9F630F2C0902}.Debug|Any CPU.Build.0 = Release|Any CPU
		{9C9DD04E-A604-4655-A9EC-9F630F2C0902}.Release|Any CPU.ActiveCfg = Release|Any CPU
		{9C9DD04E-A604-4655-A9EC-9F630F2C0902}.Release|Any CPU.Build.0 = Release|Any CPU
		{A91B9D9D-7A5C-4968-8C03-2C4689453CA9}.Debug|Any CPU.ActiveCfg = Release
		{A91B9D9D-7A5C-4968-8C03-2C4689453CA9}.Debug|Any CPU.Build.0 = Release
		{A91B9D9D-7A5C-4968-8C03-2C4689453CA9}.Release|Any CPU.ActiveCfg = Release
		{A91B9D9D-7A5C-4968-8C03-2C4689453CA9}.Release|Any CPU.Build.0 = Release
		{DAD79E22-2139-4ECB-827E-8F7FB871F5D1}.Debug|Any CPU.ActiveCfg = Release|Any CPU
		{DAD79E22-2139-4ECB-827E-8F7FB871F5D1}.Debug|Any CPU.Build.0 = Release|Any CPU
		{DAD79E22-2139-4ECB-827E-8F7FB871F5D1}.Release|Any CPU.ActiveCfg = Release|Any CPU
		{DAD79E22-2139-4ECB-827E-8F7FB871F5D1}.Release|Any CPU.Build.0 = Release|Any CPU
		{5E093F16-E114-49BD-B1A8-C24036F3F328}.Debug|Any CPU.ActiveCfg = Release|Any CPU
		{5E093F16-E114-49BD-B1A8-C24036F3F328}.Debug|Any CPU.Build.0 = Release|Any CPU
		{5E093F16-E114-49BD-B1A8-C24036F3F328}.Release|Any CPU.ActiveCfg = Release|Any CPU
		{5E093F16-E114-49BD-B1A8-C24036F3F328}.Release|Any CPU.Build.0 = Release|Any CPU
		{B3FC887C-77F3-4347-B5C9-07C0172F5DEB}.Debug|Any CPU.ActiveCfg = Release|Any CPU
		{B3FC887C-77F3-4347-B5C9-07C0172F5DEB}.Debug|Any CPU.Build.0 = Release|Any CPU
		{B3FC887C-77F3-4347-B5C9-07C0172F5DEB}.Release|Any CPU.ActiveCfg = Release|Any CPU
		{B3FC887C-77F3-4347-B5C9-07C0172F5DEB}.Release|Any CPU.Build.0 = Release|Any CPU
		{06D4C54B-A25A-4684-BC6C-192CEB970170}.Debug|Any CPU.ActiveCfg = Release|Any CPU
		{06D4C54B-A25A-4684-BC6C-192CEB970170}.Debug|Any CPU.Build.0 = Release|Any CPU
		{06D4C54B-A25A-4684-BC6C-192CEB970170}.Release|Any CPU.ActiveCfg = Release|Any CPU
		{06D4C54B-A25A-4684-BC6C-192CEB970170}.Release|Any CPU.Build.0 = Release|Any CPU
		{7786779D-6B79-4A51-A03E-2497DCFE2025}.Debug|Any CPU.ActiveCfg = Release|Any CPU
		{7786779D-6B79-4A51-A03E-2497DCFE2025}.Debug|Any CPU.Build.0 = Release|Any CPU
		{7786779D-6B79-4A51-A03E-2497DCFE2025}.Release|Any CPU.ActiveCfg = Release|Any CPU
		{7786779D-6B79-4A51-A03E-2497DCFE2025}.Release|Any CPU.Build.0 = Release|Any CPU
		{BBF126D5-CA34-4786-A61D-0B426EC0677B}.Debug|Any CPU.ActiveCfg = Release|Any CPU
		{BBF126D5-CA34-4786-A61D-0B426EC0677B}.Debug|Any CPU.Build.0 = Release|Any CPU
		{BBF126D5-CA34-4786-A61D-0B426EC0677B}.Release|Any CPU.ActiveCfg = Release|Any CPU
		{BBF126D5-CA34-4786-A61D-0B426EC0677B}.Release|Any CPU.Build.0 = Release|Any CPU
		{2CFCD16E-4CFB-479B-BD8E-53FA95A3BD59}.Debug|Any CPU.ActiveCfg = Release|Any CPU
		{2CFCD16E-4CFB-479B-BD8E-53FA95A3BD59}.Debug|Any CPU.Build.0 = Release|Any CPU
		{2CFCD16E-4CFB-479B-BD8E-53FA95A3BD59}.Release|Any CPU.ActiveCfg = Release|Any CPU
		{2CFCD16E-4CFB-479B-BD8E-53FA95A3BD59}.Release|Any CPU.Build.0 = Release|Any CPU
	EndGlobalSection
	GlobalSection(SolutionProperties) = preSolution
		HideSolutionNode = FALSE
	EndGlobalSection
	GlobalSection(NestedProjects) = preSolution
		{DAD79E22-2139-4ECB-827E-8F7FB871F5D1} = {7A4B90C4-B295-41B4-9A8E-B77084BB4179}
		{5E093F16-E114-49BD-B1A8-C24036F3F328} = {7A4B90C4-B295-41B4-9A8E-B77084BB4179}
		{B3FC887C-77F3-4347-B5C9-07C0172F5DEB} = {7A4B90C4-B295-41B4-9A8E-B77084BB4179}
		{06D4C54B-A25A-4684-BC6C-192CEB970170} = {7A4B90C4-B295-41B4-9A8E-B77084BB4179}
		{7786779D-6B79-4A51-A03E-2497DCFE2025} = {7A4B90C4-B295-41B4-9A8E-B77084BB4179}
		{BBF126D5-CA34-4786-A61D-0B426EC0677B} = {7A4B90C4-B295-41B4-9A8E-B77084BB4179}
		{2CFCD16E-4CFB-479B-BD8E-53FA95A3BD59} = {7A4B90C4-B295-41B4-9A8E-B77084BB4179}
	EndGlobalSection
EndGlobal
