Microsoft Visual Studio Solution File, Format Version 10.00
# Visual Studio 2008
Project("{2150E333-8FDC-42A3-9474-1A3956D46DE8}") = "WSTCHQ_BE", "WSTCHQ_BE", "{742D50E9-E50C-4DCA-AE1F-BD52F42AFBDB}"
EndProject
Project("{FAE04EC0-301F-11D3-BF4B-00C04F79EFBC}") = "WSST", "WSST_WS\WSST.csproj", "{34228875-5283-400D-A4AE-CACE92972D3A}"
EndProject
Project("{FAE04EC0-301F-11D3-BF4B-00C04F79EFBC}") = "RTSStructures", "..\..\WSTCHQ_BE\RTSStructures\RTSStructures.csproj", "{BBF126D5-CA34-4786-A61D-0B426EC0677B}"
EndProject
Project("{2150E333-8FDC-42A3-9474-1A3956D46DE8}") = "Common", "Common", "{A9DCA2BB-9E9B-4E14-87BE-A65CB313C9DF}"
EndProject
Project("{FAE04EC0-301F-11D3-BF4B-00C04F79EFBC}") = "IRU.RTS.Common", "..\..\Common\IRU.RTS.Common\IRU.RTS.Common.csproj", "{51C1C416-18C9-4A64-B542-A2E8B3299F61}"
EndProject
Global
	GlobalSection(SolutionConfigurationPlatforms) = preSolution
		Debug|Any CPU = Debug|Any CPU
		Release|Any CPU = Release|Any CPU
	EndGlobalSection
	GlobalSection(ProjectConfigurationPlatforms) = postSolution
		{34228875-5283-400D-A4AE-CACE92972D3A}.Debug|Any CPU.ActiveCfg = Debug|Any CPU
		{34228875-5283-400D-A4AE-CACE92972D3A}.Debug|Any CPU.Build.0 = Debug|Any CPU
		{34228875-5283-400D-A4AE-CACE92972D3A}.Release|Any CPU.ActiveCfg = Release|Any CPU
		{34228875-5283-400D-A4AE-CACE92972D3A}.Release|Any CPU.Build.0 = Release|Any CPU
		{BBF126D5-CA34-4786-A61D-0B426EC0677B}.Debug|Any CPU.ActiveCfg = Debug|Any CPU
		{BBF126D5-CA34-4786-A61D-0B426EC0677B}.Debug|Any CPU.Build.0 = Debug|Any CPU
		{BBF126D5-CA34-4786-A61D-0B426EC0677B}.Release|Any CPU.ActiveCfg = Release|Any CPU
		{BBF126D5-CA34-4786-A61D-0B426EC0677B}.Release|Any CPU.Build.0 = Release|Any CPU
		{51C1C416-18C9-4A64-B542-A2E8B3299F61}.Debug|Any CPU.ActiveCfg = Debug|Any CPU
		{51C1C416-18C9-4A64-B542-A2E8B3299F61}.Debug|Any CPU.Build.0 = Debug|Any CPU
		{51C1C416-18C9-4A64-B542-A2E8B3299F61}.Release|Any CPU.ActiveCfg = Release|Any CPU
		{51C1C416-18C9-4A64-B542-A2E8B3299F61}.Release|Any CPU.Build.0 = Release|Any CPU
	EndGlobalSection
	GlobalSection(SolutionProperties) = preSolution
		HideSolutionNode = FALSE
	EndGlobalSection
	GlobalSection(NestedProjects) = preSolution
		{BBF126D5-CA34-4786-A61D-0B426EC0677B} = {742D50E9-E50C-4DCA-AE1F-BD52F42AFBDB}
		{51C1C416-18C9-4A64-B542-A2E8B3299F61} = {A9DCA2BB-9E9B-4E14-87BE-A65CB313C9DF}
	EndGlobalSection
EndGlobal
